{
  "pins" : [
    {
      "identity" : "ios-maps-sdk",
      "kind" : "remoteSourceControl",
      "location" : "https://github.com/googlemaps/ios-maps-sdk",
      "state" : {
        "revision" : "c71307e6003e426ceeeaff09f04bbd66bff68b26",
        "version" : "8.3.1"
      }
    },
    {
      "identity" : "lottie-spm",
      "kind" : "remoteSourceControl",
      "location" : "https://github.com/airbnb/lottie-spm.git",
      "state" : {
        "revision" : "96790253c1a82223bd43da651121abfd7e96d0f3",
        "version" : "4.3.4"
      }
    },
    {
      "identity" : "swiftnet",
      "kind" : "remoteSourceControl",
      "location" : "https://github.com/WhereIsPumpkin/SwiftNet",
      "state" : {
        "branch" : "main",
        "revision" : "bdc5331cbae5f839950a38e87b3ba3c26e81f0d3"
      }
    }
  ],
  "version" : 2
}
