// !$*UTF8*$!
{
	archiveVersion = 1;
	classes = {
	};
	objectVersion = 56;
	objects = {

/* Begin PBXBuildFile section */
		750703382B73926700B16BAB /* FillBalanceTests.swift in Sources */ = {isa = PBXBuildFile; fileRef = 750703372B73926700B16BAB /* FillBalanceTests.swift */; };
		7507033A2B73A87B00B16BAB /* AddNewCardTests.swift in Sources */ = {isa = PBXBuildFile; fileRef = 750703392B73A87B00B16BAB /* AddNewCardTests.swift */; };
		7507033E2B73BBCD00B16BAB /* BusRoute.swift in Sources */ = {isa = PBXBuildFile; fileRef = 7507033D2B73BBCD00B16BAB /* BusRoute.swift */; };
		7510F74A2B5B005D003C24BB /* BusStopSearchScreen.swift in Sources */ = {isa = PBXBuildFile; fileRef = 7510F7492B5B005D003C24BB /* BusStopSearchScreen.swift */; };
		751B0BE92B544A5300ACBEAE /* AppDelegate.swift in Sources */ = {isa = PBXBuildFile; fileRef = 751B0BE82B544A5300ACBEAE /* AppDelegate.swift */; };
		751B0BEB2B544A5300ACBEAE /* SceneDelegate.swift in Sources */ = {isa = PBXBuildFile; fileRef = 751B0BEA2B544A5300ACBEAE /* SceneDelegate.swift */; };
		751B0BF22B544A5400ACBEAE /* Assets.xcassets in Resources */ = {isa = PBXBuildFile; fileRef = 751B0BF12B544A5400ACBEAE /* Assets.xcassets */; };
		751CBD6A2B6F91EA000A7DA0 /* TransitCard.swift in Sources */ = {isa = PBXBuildFile; fileRef = 751CBD692B6F91EA000A7DA0 /* TransitCard.swift */; };
		751CBD6C2B700EB1000A7DA0 /* BaseURL.swift in Sources */ = {isa = PBXBuildFile; fileRef = 751CBD6B2B700EB1000A7DA0 /* BaseURL.swift */; };
		751CBD6E2B701419000A7DA0 /* purchase.json in Resources */ = {isa = PBXBuildFile; fileRef = 751CBD6D2B701419000A7DA0 /* purchase.json */; };
		751CBD702B701440000A7DA0 /* PurchaseView.swift in Sources */ = {isa = PBXBuildFile; fileRef = 751CBD6F2B701440000A7DA0 /* PurchaseView.swift */; };
		751CBD732B701809000A7DA0 /* PurchaseAnimationOverlay.swift in Sources */ = {isa = PBXBuildFile; fileRef = 751CBD722B701809000A7DA0 /* PurchaseAnimationOverlay.swift */; };
		751CBD782B702E86000A7DA0 /* Localizable.strings in Resources */ = {isa = PBXBuildFile; fileRef = 751CBD7A2B702E86000A7DA0 /* Localizable.strings */; };
		751CBD882B7032D6000A7DA0 /* App Language.swift in Sources */ = {isa = PBXBuildFile; fileRef = 751CBD872B7032D6000A7DA0 /* App Language.swift */; };
		75217B2E2B62953000D9FC19 /* UIEdgeInsets+Extensions.swift in Sources */ = {isa = PBXBuildFile; fileRef = 75217B2D2B62953000D9FC19 /* UIEdgeInsets+Extensions.swift */; };
		753AA6D42B5A815F006A599B /* LiveMapScreen.swift in Sources */ = {isa = PBXBuildFile; fileRef = 753AA6D32B5A815F006A599B /* LiveMapScreen.swift */; };
		753AA6D62B5A8166006A599B /* ProfileScreen.swift in Sources */ = {isa = PBXBuildFile; fileRef = 753AA6D52B5A8166006A599B /* ProfileScreen.swift */; };
		75479BBB2B56A1E900FD79F7 /* RegisterScreen.swift in Sources */ = {isa = PBXBuildFile; fileRef = 75479BBA2B56A1E900FD79F7 /* RegisterScreen.swift */; };
		75479BC02B56E37B00FD79F7 /* RadioButtonField.swift in Sources */ = {isa = PBXBuildFile; fileRef = 75479BBF2B56E37B00FD79F7 /* RadioButtonField.swift */; };
		75479BC92B56ED7500FD79F7 /* StyledTextField.swift in Sources */ = {isa = PBXBuildFile; fileRef = 75479BC82B56ED7500FD79F7 /* StyledTextField.swift */; };
		75479BCB2B56F18300FD79F7 /* StyledButton.swift in Sources */ = {isa = PBXBuildFile; fileRef = 75479BCA2B56F18300FD79F7 /* StyledButton.swift */; };
		7562A4FE2B6377C300A2F50B /* ReminderModel.swift in Sources */ = {isa = PBXBuildFile; fileRef = 7562A4FD2B6377C300A2F50B /* ReminderModel.swift */; };
		7562A5002B63F9CF00A2F50B /* NotificationManager.swift in Sources */ = {isa = PBXBuildFile; fileRef = 7562A4FF2B63F9CF00A2F50B /* NotificationManager.swift */; };
		7562A5062B64451300A2F50B /* IconLabelStackView.swift in Sources */ = {isa = PBXBuildFile; fileRef = 7562A5052B64451300A2F50B /* IconLabelStackView.swift */; };
		7562A5082B65823500A2F50B /* String+Exntesions.swift in Sources */ = {isa = PBXBuildFile; fileRef = 7562A5072B65823500A2F50B /* String+Exntesions.swift */; };
		7562A50A2B6582A500A2F50B /* Date+Extensions.swift in Sources */ = {isa = PBXBuildFile; fileRef = 7562A5092B6582A500A2F50B /* Date+Extensions.swift */; };
		756738672B73834200C4736E /* AuthenticationTests.swift in Sources */ = {isa = PBXBuildFile; fileRef = 756738662B73834200C4736E /* AuthenticationTests.swift */; };
		758062632B66922300A0A157 /* LiveMapViewModel.swift in Sources */ = {isa = PBXBuildFile; fileRef = 758062622B66922300A0A157 /* LiveMapViewModel.swift */; };
		7580626A2B68133500A0A157 /* HomeScreen.swift in Sources */ = {isa = PBXBuildFile; fileRef = 758062692B68133500A0A157 /* HomeScreen.swift */; };
		7580626C2B681DE700A0A157 /* StatisticCard.swift in Sources */ = {isa = PBXBuildFile; fileRef = 7580626B2B681DE700A0A157 /* StatisticCard.swift */; };
		7580626E2B684B9900A0A157 /* BusStopCard.swift in Sources */ = {isa = PBXBuildFile; fileRef = 7580626D2B684B9900A0A157 /* BusStopCard.swift */; };
		758062722B68D95900A0A157 /* TravelCard.swift in Sources */ = {isa = PBXBuildFile; fileRef = 758062712B68D95900A0A157 /* TravelCard.swift */; };
		758062742B692D8400A0A157 /* HomeViewModel.swift in Sources */ = {isa = PBXBuildFile; fileRef = 758062732B692D8400A0A157 /* HomeViewModel.swift */; };
		758062762B692E0600A0A157 /* Passengers.swift in Sources */ = {isa = PBXBuildFile; fileRef = 758062752B692E0600A0A157 /* Passengers.swift */; };
		758062782B69320A00A0A157 /* Int+Extensions.swift in Sources */ = {isa = PBXBuildFile; fileRef = 758062772B69320A00A0A157 /* Int+Extensions.swift */; };
		7580627A2B6A569000A0A157 /* LoginResponse.swift in Sources */ = {isa = PBXBuildFile; fileRef = 758062792B6A569000A0A157 /* LoginResponse.swift */; };
		7580627E2B6A578600A0A157 /* RegistrationDetails.swift in Sources */ = {isa = PBXBuildFile; fileRef = 7580627D2B6A578600A0A157 /* RegistrationDetails.swift */; };
		758062802B6A613B00A0A157 /* UserSessionManager.swift in Sources */ = {isa = PBXBuildFile; fileRef = 7580627F2B6A613B00A0A157 /* UserSessionManager.swift */; };
		758062822B6A83F000A0A157 /* BusStopManager.swift in Sources */ = {isa = PBXBuildFile; fileRef = 758062812B6A83F000A0A157 /* BusStopManager.swift */; };
		758062842B6A9D6500A0A157 /* BookmarkToggle.swift in Sources */ = {isa = PBXBuildFile; fileRef = 758062832B6A9D6500A0A157 /* BookmarkToggle.swift */; };
		758062872B6AA8EB00A0A157 /* Notification+Extensions.swift in Sources */ = {isa = PBXBuildFile; fileRef = 758062862B6AA8EB00A0A157 /* Notification+Extensions.swift */; };
		758062892B6BD70000A0A157 /* UIViewController+Exntesions.swift in Sources */ = {isa = PBXBuildFile; fileRef = 758062882B6BD70000A0A157 /* UIViewController+Exntesions.swift */; };
		7580628D2B6BFB6C00A0A157 /* ProfileViewModel.swift in Sources */ = {isa = PBXBuildFile; fileRef = 7580628C2B6BFB6C00A0A157 /* ProfileViewModel.swift */; };
		758062912B6BFEB100A0A157 /* AddNewCardView.swift in Sources */ = {isa = PBXBuildFile; fileRef = 758062902B6BFEB100A0A157 /* AddNewCardView.swift */; };
		758062942B6C3E4600A0A157 /* AddNewCardViewModel.swift in Sources */ = {isa = PBXBuildFile; fileRef = 758062932B6C3E4600A0A157 /* AddNewCardViewModel.swift */; };
		758062962B6C414F00A0A157 /* Binding+Extensions.swift in Sources */ = {isa = PBXBuildFile; fileRef = 758062952B6C414F00A0A157 /* Binding+Extensions.swift */; };
		7580629C2B6CE2AC00A0A157 /* CardView.swift in Sources */ = {isa = PBXBuildFile; fileRef = 7580629B2B6CE2AC00A0A157 /* CardView.swift */; };
		758062A22B6D44BB00A0A157 /* CardScannerViewController.swift in Sources */ = {isa = PBXBuildFile; fileRef = 758062A12B6D44BB00A0A157 /* CardScannerViewController.swift */; };
		7585CDB12B559D750087EC03 /* WelcomeScreen.swift in Sources */ = {isa = PBXBuildFile; fileRef = 7585CDB02B559D750087EC03 /* WelcomeScreen.swift */; };
		7585CDCA2B55C9B60087EC03 /* Poppins-ExtraBold.ttf in Resources */ = {isa = PBXBuildFile; fileRef = 7585CDB72B55C9B60087EC03 /* Poppins-ExtraBold.ttf */; };
		7585CDCB2B55C9B60087EC03 /* Poppins-ExtraLight.ttf in Resources */ = {isa = PBXBuildFile; fileRef = 7585CDB82B55C9B60087EC03 /* Poppins-ExtraLight.ttf */; };
		7585CDCE2B55C9B60087EC03 /* Poppins-SemiBold.ttf in Resources */ = {isa = PBXBuildFile; fileRef = 7585CDBB2B55C9B60087EC03 /* Poppins-SemiBold.ttf */; };
		7585CDD12B55C9B60087EC03 /* Poppins-Bold.ttf in Resources */ = {isa = PBXBuildFile; fileRef = 7585CDBE2B55C9B60087EC03 /* Poppins-Bold.ttf */; };
		7585CDD22B55C9B60087EC03 /* Poppins-Black.ttf in Resources */ = {isa = PBXBuildFile; fileRef = 7585CDBF2B55C9B60087EC03 /* Poppins-Black.ttf */; };
		7585CDD42B55C9B60087EC03 /* Poppins-Regular.ttf in Resources */ = {isa = PBXBuildFile; fileRef = 7585CDC12B55C9B60087EC03 /* Poppins-Regular.ttf */; };
		7585CDD52B55C9B60087EC03 /* Poppins-Thin.ttf in Resources */ = {isa = PBXBuildFile; fileRef = 7585CDC22B55C9B60087EC03 /* Poppins-Thin.ttf */; };
		7585CDD72B55C9B60087EC03 /* Poppins-Light.ttf in Resources */ = {isa = PBXBuildFile; fileRef = 7585CDC42B55C9B60087EC03 /* Poppins-Light.ttf */; };
		7585CDDA2B55C9B60087EC03 /* Poppins-Medium.ttf in Resources */ = {isa = PBXBuildFile; fileRef = 7585CDC72B55C9B60087EC03 /* Poppins-Medium.ttf */; };
		758B9E5E2B6D70B100F23236 /* CreditCardScanner in Frameworks */ = {isa = PBXBuildFile; productRef = 758B9E5D2B6D70B100F23236 /* CreditCardScanner */; };
		758B9E612B6D795D00F23236 /* CardScannerView.swift in Sources */ = {isa = PBXBuildFile; fileRef = 758B9E602B6D795D00F23236 /* CardScannerView.swift */; };
		758B9E642B6E50F000F23236 /* QuickActionViewController.swift in Sources */ = {isa = PBXBuildFile; fileRef = 758B9E632B6E50F000F23236 /* QuickActionViewController.swift */; };
		758B9E6A2B6EA0C700F23236 /* FillBalanceView.swift in Sources */ = {isa = PBXBuildFile; fileRef = 758B9E692B6EA0C700F23236 /* FillBalanceView.swift */; };
		758B9E6C2B6EB10800F23236 /* FillBalanceViewModel.swift in Sources */ = {isa = PBXBuildFile; fileRef = 758B9E6B2B6EB10800F23236 /* FillBalanceViewModel.swift */; };
		758B9E6E2B6EE3C800F23236 /* cardScan.json in Resources */ = {isa = PBXBuildFile; fileRef = 758B9E6D2B6EE3C800F23236 /* cardScan.json */; };
		758B9E702B6EE49800F23236 /* CardCheckAnimation.swift in Sources */ = {isa = PBXBuildFile; fileRef = 758B9E6F2B6EE49800F23236 /* CardCheckAnimation.swift */; };
		758E2B732B72580000D19792 /* RoundedIconButton.swift in Sources */ = {isa = PBXBuildFile; fileRef = 758E2B722B72580000D19792 /* RoundedIconButton.swift */; };
		7599CD132B57F35E00F4FD86 /* NetSwift in Frameworks */ = {isa = PBXBuildFile; productRef = 7599CD122B57F35E00F4FD86 /* NetSwift */; };
		7599CD152B5836E900F4FD86 /* EmailToken.swift in Sources */ = {isa = PBXBuildFile; fileRef = 7599CD142B5836E900F4FD86 /* EmailToken.swift */; };
		7599CD172B583CB400F4FD86 /* VerifiedScreen.swift in Sources */ = {isa = PBXBuildFile; fileRef = 7599CD162B583CB400F4FD86 /* VerifiedScreen.swift */; };
		7599CD192B58437700F4FD86 /* LoginScreen.swift in Sources */ = {isa = PBXBuildFile; fileRef = 7599CD182B58437600F4FD86 /* LoginScreen.swift */; };
		7599CD1C2B59430F00F4FD86 /* NavigationManager.swift in Sources */ = {isa = PBXBuildFile; fileRef = 7599CD1B2B59430F00F4FD86 /* NavigationManager.swift */; };
		7599CD1E2B59907600F4FD86 /* LoginDetails.swift in Sources */ = {isa = PBXBuildFile; fileRef = 7599CD1D2B59907600F4FD86 /* LoginDetails.swift */; };
		7599CD232B5996AA00F4FD86 /* TabBarController.swift in Sources */ = {isa = PBXBuildFile; fileRef = 7599CD222B5996AA00F4FD86 /* TabBarController.swift */; };
		75A0BDF92B5B14AE00B90EEA /* Lottie in Frameworks */ = {isa = PBXBuildFile; productRef = 75A0BDF82B5B14AE00B90EEA /* Lottie */; };
		75A0BE012B5B1FB900B90EEA /* CustomStyleButton.swift in Sources */ = {isa = PBXBuildFile; fileRef = 75A0BE002B5B1FB900B90EEA /* CustomStyleButton.swift */; };
		75A0BE032B5B202600B90EEA /* CustomStyleTextField.swift in Sources */ = {isa = PBXBuildFile; fileRef = 75A0BE022B5B202600B90EEA /* CustomStyleTextField.swift */; };
		75A0BE052B5C217300B90EEA /* BusStop.swift in Sources */ = {isa = PBXBuildFile; fileRef = 75A0BE042B5C217300B90EEA /* BusStop.swift */; };
		75A0BE072B5C50C400B90EEA /* BusStopDetailsScreen.swift in Sources */ = {isa = PBXBuildFile; fileRef = 75A0BE062B5C50C400B90EEA /* BusStopDetailsScreen.swift */; };
		75A0BE142B5D3C9C00B90EEA /* busAnimation.json in Resources */ = {isa = PBXBuildFile; fileRef = 75A0BE132B5D3C9C00B90EEA /* busAnimation.json */; };
		75A0BE172B5D410200B90EEA /* BusStopSearchTableViewCell.swift in Sources */ = {isa = PBXBuildFile; fileRef = 75A0BE162B5D410200B90EEA /* BusStopSearchTableViewCell.swift */; };
		75A0BE282B5EC15D00B90EEA /* BusTimeCollectionViewCell.swift in Sources */ = {isa = PBXBuildFile; fileRef = 75A0BE272B5EC15D00B90EEA /* BusTimeCollectionViewCell.swift */; };
		75A0BE2A2B5EE2F000B90EEA /* ArrivalTimes.swift in Sources */ = {isa = PBXBuildFile; fileRef = 75A0BE292B5EE2F000B90EEA /* ArrivalTimes.swift */; };
		75D91B8A2B5FBE730034F967 /* BusStopSearchViewModel.swift in Sources */ = {isa = PBXBuildFile; fileRef = 75D91B892B5FBE730034F967 /* BusStopSearchViewModel.swift */; };
		75D91B8C2B6009B30034F967 /* ReminderViewController.swift in Sources */ = {isa = PBXBuildFile; fileRef = 75D91B8B2B6009B30034F967 /* ReminderViewController.swift */; };
		75E217DB2B57CE34006B9655 /* VerificationScreen.swift in Sources */ = {isa = PBXBuildFile; fileRef = 75E217DA2B57CE34006B9655 /* VerificationScreen.swift */; };
		75E217DD2B57D81B006B9655 /* OTPTextField.swift in Sources */ = {isa = PBXBuildFile; fileRef = 75E217DC2B57D81B006B9655 /* OTPTextField.swift */; };
		75E217E02B57E4FA006B9655 /* User.swift in Sources */ = {isa = PBXBuildFile; fileRef = 75E217DF2B57E4FA006B9655 /* User.swift */; };
		75E217E32B57E5AA006B9655 /* AuthViewModel.swift in Sources */ = {isa = PBXBuildFile; fileRef = 75E217E22B57E5AA006B9655 /* AuthViewModel.swift */; };
/* End PBXBuildFile section */

/* Begin PBXContainerItemProxy section */
		756738612B7381D500C4736E /* PBXContainerItemProxy */ = {
			isa = PBXContainerItemProxy;
			containerPortal = 751B0BDD2B544A5300ACBEAE /* Project object */;
			proxyType = 1;
			remoteGlobalIDString = 751B0BE42B544A5300ACBEAE;
			remoteInfo = iNet;
		};
/* End PBXContainerItemProxy section */

/* Begin PBXFileReference section */
		750703372B73926700B16BAB /* FillBalanceTests.swift */ = {isa = PBXFileReference; lastKnownFileType = sourcecode.swift; path = FillBalanceTests.swift; sourceTree = "<group>"; };
		750703392B73A87B00B16BAB /* AddNewCardTests.swift */ = {isa = PBXFileReference; lastKnownFileType = sourcecode.swift; path = AddNewCardTests.swift; sourceTree = "<group>"; };
		7507033D2B73BBCD00B16BAB /* BusRoute.swift */ = {isa = PBXFileReference; lastKnownFileType = sourcecode.swift; path = BusRoute.swift; sourceTree = "<group>"; };
		7510F7492B5B005D003C24BB /* BusStopSearchScreen.swift */ = {isa = PBXFileReference; lastKnownFileType = sourcecode.swift; path = BusStopSearchScreen.swift; sourceTree = "<group>"; };
		751B0BE52B544A5300ACBEAE /* iNet.app */ = {isa = PBXFileReference; explicitFileType = wrapper.application; includeInIndex = 0; path = iNet.app; sourceTree = BUILT_PRODUCTS_DIR; };
		751B0BE82B544A5300ACBEAE /* AppDelegate.swift */ = {isa = PBXFileReference; lastKnownFileType = sourcecode.swift; path = AppDelegate.swift; sourceTree = "<group>"; };
		751B0BEA2B544A5300ACBEAE /* SceneDelegate.swift */ = {isa = PBXFileReference; lastKnownFileType = sourcecode.swift; path = SceneDelegate.swift; sourceTree = "<group>"; };
		751B0BF12B544A5400ACBEAE /* Assets.xcassets */ = {isa = PBXFileReference; lastKnownFileType = folder.assetcatalog; path = Assets.xcassets; sourceTree = "<group>"; };
		751B0BF62B544A5400ACBEAE /* Info.plist */ = {isa = PBXFileReference; lastKnownFileType = text.plist.xml; path = Info.plist; sourceTree = "<group>"; };
		751CBD692B6F91EA000A7DA0 /* TransitCard.swift */ = {isa = PBXFileReference; lastKnownFileType = sourcecode.swift; path = TransitCard.swift; sourceTree = "<group>"; };
		751CBD6B2B700EB1000A7DA0 /* BaseURL.swift */ = {isa = PBXFileReference; lastKnownFileType = sourcecode.swift; path = BaseURL.swift; sourceTree = "<group>"; };
		751CBD6D2B701419000A7DA0 /* purchase.json */ = {isa = PBXFileReference; fileEncoding = 4; lastKnownFileType = text.json; path = purchase.json; sourceTree = "<group>"; };
		751CBD6F2B701440000A7DA0 /* PurchaseView.swift */ = {isa = PBXFileReference; lastKnownFileType = sourcecode.swift; path = PurchaseView.swift; sourceTree = "<group>"; };
		751CBD722B701809000A7DA0 /* PurchaseAnimationOverlay.swift */ = {isa = PBXFileReference; lastKnownFileType = sourcecode.swift; path = PurchaseAnimationOverlay.swift; sourceTree = "<group>"; };
		751CBD792B702E86000A7DA0 /* en */ = {isa = PBXFileReference; lastKnownFileType = text.plist.strings; name = en; path = en.lproj/Localizable.strings; sourceTree = "<group>"; };
		751CBD7B2B702EDD000A7DA0 /* ka */ = {isa = PBXFileReference; lastKnownFileType = text.plist.strings; name = ka; path = ka.lproj/Localizable.strings; sourceTree = "<group>"; };
		751CBD7C2B70316F000A7DA0 /* NotoSansGeorgian-ExtraLight.ttf */ = {isa = PBXFileReference; lastKnownFileType = file; path = "NotoSansGeorgian-ExtraLight.ttf"; sourceTree = "<group>"; };
		751CBD7D2B70316F000A7DA0 /* NotoSansGeorgian-Light.ttf */ = {isa = PBXFileReference; lastKnownFileType = file; path = "NotoSansGeorgian-Light.ttf"; sourceTree = "<group>"; };
		751CBD7E2B70316F000A7DA0 /* NotoSansGeorgian-Medium.ttf */ = {isa = PBXFileReference; lastKnownFileType = file; path = "NotoSansGeorgian-Medium.ttf"; sourceTree = "<group>"; };
		751CBD7F2B70316F000A7DA0 /* NotoSansGeorgian-Bold.ttf */ = {isa = PBXFileReference; lastKnownFileType = file; path = "NotoSansGeorgian-Bold.ttf"; sourceTree = "<group>"; };
		751CBD802B70316F000A7DA0 /* NotoSansGeorgian-Regular.ttf */ = {isa = PBXFileReference; lastKnownFileType = file; path = "NotoSansGeorgian-Regular.ttf"; sourceTree = "<group>"; };
		751CBD812B70316F000A7DA0 /* NotoSansGeorgian-Black.ttf */ = {isa = PBXFileReference; lastKnownFileType = file; path = "NotoSansGeorgian-Black.ttf"; sourceTree = "<group>"; };
		751CBD822B70316F000A7DA0 /* NotoSansGeorgian-SemiBold.ttf */ = {isa = PBXFileReference; lastKnownFileType = file; path = "NotoSansGeorgian-SemiBold.ttf"; sourceTree = "<group>"; };
		751CBD832B70316F000A7DA0 /* NotoSansGeorgian-ExtraBold.ttf */ = {isa = PBXFileReference; lastKnownFileType = file; path = "NotoSansGeorgian-ExtraBold.ttf"; sourceTree = "<group>"; };
		751CBD842B70316F000A7DA0 /* NotoSansGeorgian-Thin.ttf */ = {isa = PBXFileReference; lastKnownFileType = file; path = "NotoSansGeorgian-Thin.ttf"; sourceTree = "<group>"; };
		751CBD872B7032D6000A7DA0 /* App Language.swift */ = {isa = PBXFileReference; lastKnownFileType = sourcecode.swift; path = "App Language.swift"; sourceTree = "<group>"; };
		75217B2D2B62953000D9FC19 /* UIEdgeInsets+Extensions.swift */ = {isa = PBXFileReference; lastKnownFileType = sourcecode.swift; path = "UIEdgeInsets+Extensions.swift"; sourceTree = "<group>"; };
		753AA6D32B5A815F006A599B /* LiveMapScreen.swift */ = {isa = PBXFileReference; lastKnownFileType = sourcecode.swift; path = LiveMapScreen.swift; sourceTree = "<group>"; };
		753AA6D52B5A8166006A599B /* ProfileScreen.swift */ = {isa = PBXFileReference; lastKnownFileType = sourcecode.swift; path = ProfileScreen.swift; sourceTree = "<group>"; };
		75479BBA2B56A1E900FD79F7 /* RegisterScreen.swift */ = {isa = PBXFileReference; lastKnownFileType = sourcecode.swift; path = RegisterScreen.swift; sourceTree = "<group>"; };
		75479BBF2B56E37B00FD79F7 /* RadioButtonField.swift */ = {isa = PBXFileReference; lastKnownFileType = sourcecode.swift; path = RadioButtonField.swift; sourceTree = "<group>"; };
		75479BC82B56ED7500FD79F7 /* StyledTextField.swift */ = {isa = PBXFileReference; lastKnownFileType = sourcecode.swift; path = StyledTextField.swift; sourceTree = "<group>"; };
		75479BCA2B56F18300FD79F7 /* StyledButton.swift */ = {isa = PBXFileReference; lastKnownFileType = sourcecode.swift; path = StyledButton.swift; sourceTree = "<group>"; };
		7562A4FD2B6377C300A2F50B /* ReminderModel.swift */ = {isa = PBXFileReference; lastKnownFileType = sourcecode.swift; path = ReminderModel.swift; sourceTree = "<group>"; };
		7562A4FF2B63F9CF00A2F50B /* NotificationManager.swift */ = {isa = PBXFileReference; lastKnownFileType = sourcecode.swift; name = NotificationManager.swift; path = ../../../../../../Documents/NotificationManager.swift; sourceTree = "<group>"; };
		7562A5052B64451300A2F50B /* IconLabelStackView.swift */ = {isa = PBXFileReference; lastKnownFileType = sourcecode.swift; path = IconLabelStackView.swift; sourceTree = "<group>"; };
		7562A5072B65823500A2F50B /* String+Exntesions.swift */ = {isa = PBXFileReference; lastKnownFileType = sourcecode.swift; path = "String+Exntesions.swift"; sourceTree = "<group>"; };
		7562A5092B6582A500A2F50B /* Date+Extensions.swift */ = {isa = PBXFileReference; lastKnownFileType = sourcecode.swift; path = "Date+Extensions.swift"; sourceTree = "<group>"; };
		7567385D2B7381D500C4736E /* authenticationTests.xctest */ = {isa = PBXFileReference; explicitFileType = wrapper.cfbundle; includeInIndex = 0; path = authenticationTests.xctest; sourceTree = BUILT_PRODUCTS_DIR; };
		756738662B73834200C4736E /* AuthenticationTests.swift */ = {isa = PBXFileReference; lastKnownFileType = sourcecode.swift; path = AuthenticationTests.swift; sourceTree = "<group>"; };
		758062622B66922300A0A157 /* LiveMapViewModel.swift */ = {isa = PBXFileReference; lastKnownFileType = sourcecode.swift; path = LiveMapViewModel.swift; sourceTree = "<group>"; };
		758062692B68133500A0A157 /* HomeScreen.swift */ = {isa = PBXFileReference; lastKnownFileType = sourcecode.swift; path = HomeScreen.swift; sourceTree = "<group>"; };
		7580626B2B681DE700A0A157 /* StatisticCard.swift */ = {isa = PBXFileReference; lastKnownFileType = sourcecode.swift; path = StatisticCard.swift; sourceTree = "<group>"; };
		7580626D2B684B9900A0A157 /* BusStopCard.swift */ = {isa = PBXFileReference; lastKnownFileType = sourcecode.swift; path = BusStopCard.swift; sourceTree = "<group>"; };
		758062712B68D95900A0A157 /* TravelCard.swift */ = {isa = PBXFileReference; lastKnownFileType = sourcecode.swift; path = TravelCard.swift; sourceTree = "<group>"; };
		758062732B692D8400A0A157 /* HomeViewModel.swift */ = {isa = PBXFileReference; lastKnownFileType = sourcecode.swift; path = HomeViewModel.swift; sourceTree = "<group>"; };
		758062752B692E0600A0A157 /* Passengers.swift */ = {isa = PBXFileReference; lastKnownFileType = sourcecode.swift; path = Passengers.swift; sourceTree = "<group>"; };
		758062772B69320A00A0A157 /* Int+Extensions.swift */ = {isa = PBXFileReference; lastKnownFileType = sourcecode.swift; path = "Int+Extensions.swift"; sourceTree = "<group>"; };
		758062792B6A569000A0A157 /* LoginResponse.swift */ = {isa = PBXFileReference; lastKnownFileType = sourcecode.swift; path = LoginResponse.swift; sourceTree = "<group>"; };
		7580627D2B6A578600A0A157 /* RegistrationDetails.swift */ = {isa = PBXFileReference; lastKnownFileType = sourcecode.swift; path = RegistrationDetails.swift; sourceTree = "<group>"; };
		7580627F2B6A613B00A0A157 /* UserSessionManager.swift */ = {isa = PBXFileReference; lastKnownFileType = sourcecode.swift; path = UserSessionManager.swift; sourceTree = "<group>"; };
		758062812B6A83F000A0A157 /* BusStopManager.swift */ = {isa = PBXFileReference; lastKnownFileType = sourcecode.swift; path = BusStopManager.swift; sourceTree = "<group>"; };
		758062832B6A9D6500A0A157 /* BookmarkToggle.swift */ = {isa = PBXFileReference; lastKnownFileType = sourcecode.swift; path = BookmarkToggle.swift; sourceTree = "<group>"; };
		758062862B6AA8EB00A0A157 /* Notification+Extensions.swift */ = {isa = PBXFileReference; lastKnownFileType = sourcecode.swift; path = "Notification+Extensions.swift"; sourceTree = "<group>"; };
		758062882B6BD70000A0A157 /* UIViewController+Exntesions.swift */ = {isa = PBXFileReference; lastKnownFileType = sourcecode.swift; path = "UIViewController+Exntesions.swift"; sourceTree = "<group>"; };
		7580628C2B6BFB6C00A0A157 /* ProfileViewModel.swift */ = {isa = PBXFileReference; lastKnownFileType = sourcecode.swift; path = ProfileViewModel.swift; sourceTree = "<group>"; };
		758062902B6BFEB100A0A157 /* AddNewCardView.swift */ = {isa = PBXFileReference; lastKnownFileType = sourcecode.swift; path = AddNewCardView.swift; sourceTree = "<group>"; };
		758062932B6C3E4600A0A157 /* AddNewCardViewModel.swift */ = {isa = PBXFileReference; lastKnownFileType = sourcecode.swift; path = AddNewCardViewModel.swift; sourceTree = "<group>"; };
		758062952B6C414F00A0A157 /* Binding+Extensions.swift */ = {isa = PBXFileReference; lastKnownFileType = sourcecode.swift; path = "Binding+Extensions.swift"; sourceTree = "<group>"; };
		7580629B2B6CE2AC00A0A157 /* CardView.swift */ = {isa = PBXFileReference; lastKnownFileType = sourcecode.swift; path = CardView.swift; sourceTree = "<group>"; };
		758062A12B6D44BB00A0A157 /* CardScannerViewController.swift */ = {isa = PBXFileReference; lastKnownFileType = sourcecode.swift; path = CardScannerViewController.swift; sourceTree = "<group>"; };
		7585CDB02B559D750087EC03 /* WelcomeScreen.swift */ = {isa = PBXFileReference; lastKnownFileType = sourcecode.swift; path = WelcomeScreen.swift; sourceTree = "<group>"; };
		7585CDB72B55C9B60087EC03 /* Poppins-ExtraBold.ttf */ = {isa = PBXFileReference; lastKnownFileType = file; path = "Poppins-ExtraBold.ttf"; sourceTree = "<group>"; };
		7585CDB82B55C9B60087EC03 /* Poppins-ExtraLight.ttf */ = {isa = PBXFileReference; lastKnownFileType = file; path = "Poppins-ExtraLight.ttf"; sourceTree = "<group>"; };
		7585CDBB2B55C9B60087EC03 /* Poppins-SemiBold.ttf */ = {isa = PBXFileReference; lastKnownFileType = file; path = "Poppins-SemiBold.ttf"; sourceTree = "<group>"; };
		7585CDBE2B55C9B60087EC03 /* Poppins-Bold.ttf */ = {isa = PBXFileReference; lastKnownFileType = file; path = "Poppins-Bold.ttf"; sourceTree = "<group>"; };
		7585CDBF2B55C9B60087EC03 /* Poppins-Black.ttf */ = {isa = PBXFileReference; lastKnownFileType = file; path = "Poppins-Black.ttf"; sourceTree = "<group>"; };
		7585CDC12B55C9B60087EC03 /* Poppins-Regular.ttf */ = {isa = PBXFileReference; lastKnownFileType = file; path = "Poppins-Regular.ttf"; sourceTree = "<group>"; };
		7585CDC22B55C9B60087EC03 /* Poppins-Thin.ttf */ = {isa = PBXFileReference; lastKnownFileType = file; path = "Poppins-Thin.ttf"; sourceTree = "<group>"; };
		7585CDC42B55C9B60087EC03 /* Poppins-Light.ttf */ = {isa = PBXFileReference; lastKnownFileType = file; path = "Poppins-Light.ttf"; sourceTree = "<group>"; };
		7585CDC72B55C9B60087EC03 /* Poppins-Medium.ttf */ = {isa = PBXFileReference; lastKnownFileType = file; path = "Poppins-Medium.ttf"; sourceTree = "<group>"; };
		758B9E602B6D795D00F23236 /* CardScannerView.swift */ = {isa = PBXFileReference; lastKnownFileType = sourcecode.swift; path = CardScannerView.swift; sourceTree = "<group>"; };
		758B9E632B6E50F000F23236 /* QuickActionViewController.swift */ = {isa = PBXFileReference; lastKnownFileType = sourcecode.swift; path = QuickActionViewController.swift; sourceTree = "<group>"; };
		758B9E692B6EA0C700F23236 /* FillBalanceView.swift */ = {isa = PBXFileReference; lastKnownFileType = sourcecode.swift; path = FillBalanceView.swift; sourceTree = "<group>"; };
		758B9E6B2B6EB10800F23236 /* FillBalanceViewModel.swift */ = {isa = PBXFileReference; lastKnownFileType = sourcecode.swift; path = FillBalanceViewModel.swift; sourceTree = "<group>"; };
		758B9E6D2B6EE3C800F23236 /* cardScan.json */ = {isa = PBXFileReference; fileEncoding = 4; lastKnownFileType = text.json; path = cardScan.json; sourceTree = "<group>"; };
		758B9E6F2B6EE49800F23236 /* CardCheckAnimation.swift */ = {isa = PBXFileReference; lastKnownFileType = sourcecode.swift; path = CardCheckAnimation.swift; sourceTree = "<group>"; };
		758E2B722B72580000D19792 /* RoundedIconButton.swift */ = {isa = PBXFileReference; lastKnownFileType = sourcecode.swift; path = RoundedIconButton.swift; sourceTree = "<group>"; };
		7599CD142B5836E900F4FD86 /* EmailToken.swift */ = {isa = PBXFileReference; lastKnownFileType = sourcecode.swift; path = EmailToken.swift; sourceTree = "<group>"; };
		7599CD162B583CB400F4FD86 /* VerifiedScreen.swift */ = {isa = PBXFileReference; lastKnownFileType = sourcecode.swift; path = VerifiedScreen.swift; sourceTree = "<group>"; };
		7599CD182B58437600F4FD86 /* LoginScreen.swift */ = {isa = PBXFileReference; lastKnownFileType = sourcecode.swift; path = LoginScreen.swift; sourceTree = "<group>"; };
		7599CD1B2B59430F00F4FD86 /* NavigationManager.swift */ = {isa = PBXFileReference; lastKnownFileType = sourcecode.swift; path = NavigationManager.swift; sourceTree = "<group>"; };
		7599CD1D2B59907600F4FD86 /* LoginDetails.swift */ = {isa = PBXFileReference; lastKnownFileType = sourcecode.swift; path = LoginDetails.swift; sourceTree = "<group>"; };
		7599CD222B5996AA00F4FD86 /* TabBarController.swift */ = {isa = PBXFileReference; lastKnownFileType = sourcecode.swift; path = TabBarController.swift; sourceTree = "<group>"; };
		75A0BE002B5B1FB900B90EEA /* CustomStyleButton.swift */ = {isa = PBXFileReference; lastKnownFileType = sourcecode.swift; path = CustomStyleButton.swift; sourceTree = "<group>"; };
		75A0BE022B5B202600B90EEA /* CustomStyleTextField.swift */ = {isa = PBXFileReference; lastKnownFileType = sourcecode.swift; path = CustomStyleTextField.swift; sourceTree = "<group>"; };
		75A0BE042B5C217300B90EEA /* BusStop.swift */ = {isa = PBXFileReference; lastKnownFileType = sourcecode.swift; path = BusStop.swift; sourceTree = "<group>"; };
		75A0BE062B5C50C400B90EEA /* BusStopDetailsScreen.swift */ = {isa = PBXFileReference; lastKnownFileType = sourcecode.swift; path = BusStopDetailsScreen.swift; sourceTree = "<group>"; };
		75A0BE132B5D3C9C00B90EEA /* busAnimation.json */ = {isa = PBXFileReference; fileEncoding = 4; lastKnownFileType = text.json; path = busAnimation.json; sourceTree = "<group>"; };
		75A0BE162B5D410200B90EEA /* BusStopSearchTableViewCell.swift */ = {isa = PBXFileReference; lastKnownFileType = sourcecode.swift; path = BusStopSearchTableViewCell.swift; sourceTree = "<group>"; };
		75A0BE272B5EC15D00B90EEA /* BusTimeCollectionViewCell.swift */ = {isa = PBXFileReference; lastKnownFileType = sourcecode.swift; path = BusTimeCollectionViewCell.swift; sourceTree = "<group>"; };
		75A0BE292B5EE2F000B90EEA /* ArrivalTimes.swift */ = {isa = PBXFileReference; lastKnownFileType = sourcecode.swift; path = ArrivalTimes.swift; sourceTree = "<group>"; };
		75D91B892B5FBE730034F967 /* BusStopSearchViewModel.swift */ = {isa = PBXFileReference; lastKnownFileType = sourcecode.swift; path = BusStopSearchViewModel.swift; sourceTree = "<group>"; };
		75D91B8B2B6009B30034F967 /* ReminderViewController.swift */ = {isa = PBXFileReference; lastKnownFileType = sourcecode.swift; path = ReminderViewController.swift; sourceTree = "<group>"; };
		75E217DA2B57CE34006B9655 /* VerificationScreen.swift */ = {isa = PBXFileReference; lastKnownFileType = sourcecode.swift; path = VerificationScreen.swift; sourceTree = "<group>"; };
		75E217DC2B57D81B006B9655 /* OTPTextField.swift */ = {isa = PBXFileReference; lastKnownFileType = sourcecode.swift; path = OTPTextField.swift; sourceTree = "<group>"; };
		75E217DF2B57E4FA006B9655 /* User.swift */ = {isa = PBXFileReference; lastKnownFileType = sourcecode.swift; path = User.swift; sourceTree = "<group>"; };
		75E217E22B57E5AA006B9655 /* AuthViewModel.swift */ = {isa = PBXFileReference; lastKnownFileType = sourcecode.swift; path = AuthViewModel.swift; sourceTree = "<group>"; };
/* End PBXFileReference section */

/* Begin PBXFrameworksBuildPhase section */
		751B0BE22B544A5300ACBEAE /* Frameworks */ = {
			isa = PBXFrameworksBuildPhase;
			buildActionMask = 2147483647;
			files = (
				7599CD132B57F35E00F4FD86 /* NetSwift in Frameworks */,
				75A0BDF92B5B14AE00B90EEA /* Lottie in Frameworks */,
				758B9E5E2B6D70B100F23236 /* CreditCardScanner in Frameworks */,
			);
			runOnlyForDeploymentPostprocessing = 0;
		};
		7567385A2B7381D500C4736E /* Frameworks */ = {
			isa = PBXFrameworksBuildPhase;
			buildActionMask = 2147483647;
			files = (
			);
			runOnlyForDeploymentPostprocessing = 0;
		};
/* End PBXFrameworksBuildPhase section */

/* Begin PBXGroup section */
		7507033B2B73BB5100B16BAB /* Bus Stop */ = {
			isa = PBXGroup;
			children = (
				75A0BE042B5C217300B90EEA /* BusStop.swift */,
				75A0BE292B5EE2F000B90EEA /* ArrivalTimes.swift */,
				7562A4FD2B6377C300A2F50B /* ReminderModel.swift */,
			);
			path = "Bus Stop";
			sourceTree = "<group>";
		};
		7510F7482B5B0032003C24BB /* BusStop */ = {
			isa = PBXGroup;
			children = (
				7510F7492B5B005D003C24BB /* BusStopSearchScreen.swift */,
				75D91B892B5FBE730034F967 /* BusStopSearchViewModel.swift */,
				75A0BE152B5D40BB00B90EEA /* Cell */,
				75A0BE212B5EC0C900B90EEA /* BusStop Details */,
			);
			path = BusStop;
			sourceTree = "<group>";
		};
		751B0BDC2B544A5300ACBEAE = {
			isa = PBXGroup;
			children = (
				751B0BE72B544A5300ACBEAE /* iNet */,
				7567385E2B7381D500C4736E /* BusifyAppTests */,
				751B0BE62B544A5300ACBEAE /* Products */,
			);
			sourceTree = "<group>";
		};
		751B0BE62B544A5300ACBEAE /* Products */ = {
			isa = PBXGroup;
			children = (
				751B0BE52B544A5300ACBEAE /* iNet.app */,
				7567385D2B7381D500C4736E /* authenticationTests.xctest */,
			);
			name = Products;
			sourceTree = "<group>";
		};
		751B0BE72B544A5300ACBEAE /* iNet */ = {
			isa = PBXGroup;
			children = (
				75479BC12B56EC6300FD79F7 /* App */,
				75479BC32B56EC7B00FD79F7 /* Screens */,
				75479BC72B56ECA600FD79F7 /* Custom Views */,
				75E217DE2B57E4EE006B9655 /* Model */,
				75217B2C2B62951B00D9FC19 /* Extensions */,
				7599CD1A2B5942FF00F4FD86 /* Managers */,
				75479BC22B56EC6A00FD79F7 /* Support */,
				751B0BF12B544A5400ACBEAE /* Assets.xcassets */,
				751B0BF62B544A5400ACBEAE /* Info.plist */,
			);
			path = iNet;
			sourceTree = "<group>";
		};
		751CBD712B7017F0000A7DA0 /* Ticket Animation */ = {
			isa = PBXGroup;
			children = (
				751CBD6F2B701440000A7DA0 /* PurchaseView.swift */,
				751CBD722B701809000A7DA0 /* PurchaseAnimationOverlay.swift */,
			);
			path = "Ticket Animation";
			sourceTree = "<group>";
		};
		751CBD852B703175000A7DA0 /* GeorgianFont */ = {
			isa = PBXGroup;
			children = (
				751CBD812B70316F000A7DA0 /* NotoSansGeorgian-Black.ttf */,
				751CBD7F2B70316F000A7DA0 /* NotoSansGeorgian-Bold.ttf */,
				751CBD832B70316F000A7DA0 /* NotoSansGeorgian-ExtraBold.ttf */,
				751CBD7C2B70316F000A7DA0 /* NotoSansGeorgian-ExtraLight.ttf */,
				751CBD7D2B70316F000A7DA0 /* NotoSansGeorgian-Light.ttf */,
				751CBD7E2B70316F000A7DA0 /* NotoSansGeorgian-Medium.ttf */,
				751CBD802B70316F000A7DA0 /* NotoSansGeorgian-Regular.ttf */,
				751CBD822B70316F000A7DA0 /* NotoSansGeorgian-SemiBold.ttf */,
				751CBD842B70316F000A7DA0 /* NotoSansGeorgian-Thin.ttf */,
			);
			path = GeorgianFont;
			sourceTree = "<group>";
		};
		751CBD862B703181000A7DA0 /* Poppins */ = {
			isa = PBXGroup;
			children = (
				7585CDBF2B55C9B60087EC03 /* Poppins-Black.ttf */,
				7585CDBE2B55C9B60087EC03 /* Poppins-Bold.ttf */,
				7585CDB72B55C9B60087EC03 /* Poppins-ExtraBold.ttf */,
				7585CDB82B55C9B60087EC03 /* Poppins-ExtraLight.ttf */,
				7585CDC42B55C9B60087EC03 /* Poppins-Light.ttf */,
				7585CDC72B55C9B60087EC03 /* Poppins-Medium.ttf */,
				7585CDC12B55C9B60087EC03 /* Poppins-Regular.ttf */,
				7585CDBB2B55C9B60087EC03 /* Poppins-SemiBold.ttf */,
				7585CDC22B55C9B60087EC03 /* Poppins-Thin.ttf */,
			);
			path = Poppins;
			sourceTree = "<group>";
		};
		751CBD892B716748000A7DA0 /* Animations */ = {
			isa = PBXGroup;
			children = (
				758B9E6D2B6EE3C800F23236 /* cardScan.json */,
				75A0BE132B5D3C9C00B90EEA /* busAnimation.json */,
				751CBD6D2B701419000A7DA0 /* purchase.json */,
			);
			path = Animations;
			sourceTree = "<group>";
		};
		75217B2C2B62951B00D9FC19 /* Extensions */ = {
			isa = PBXGroup;
			children = (
				75217B2D2B62953000D9FC19 /* UIEdgeInsets+Extensions.swift */,
				7562A5072B65823500A2F50B /* String+Exntesions.swift */,
				7562A5092B6582A500A2F50B /* Date+Extensions.swift */,
				758062772B69320A00A0A157 /* Int+Extensions.swift */,
				758062862B6AA8EB00A0A157 /* Notification+Extensions.swift */,
				758062882B6BD70000A0A157 /* UIViewController+Exntesions.swift */,
				758062952B6C414F00A0A157 /* Binding+Extensions.swift */,
			);
			path = Extensions;
			sourceTree = "<group>";
		};
		753AA6CF2B5A811F006A599B /* Tab Bar */ = {
			isa = PBXGroup;
			children = (
				7599CD222B5996AA00F4FD86 /* TabBarController.swift */,
			);
			path = "Tab Bar";
			sourceTree = "<group>";
		};
		753AA6D02B5A812E006A599B /* Live Map */ = {
			isa = PBXGroup;
			children = (
				753AA6D32B5A815F006A599B /* LiveMapScreen.swift */,
				758062622B66922300A0A157 /* LiveMapViewModel.swift */,
			);
			path = "Live Map";
			sourceTree = "<group>";
		};
		753AA6D12B5A8140006A599B /* Profile */ = {
			isa = PBXGroup;
			children = (
				753AA6D52B5A8166006A599B /* ProfileScreen.swift */,
				7580628C2B6BFB6C00A0A157 /* ProfileViewModel.swift */,
				758062A02B6D407700A0A157 /* Components */,
				758062922B6C3E3100A0A157 /* Sheets */,
			);
			path = Profile;
			sourceTree = "<group>";
		};
		75479BC12B56EC6300FD79F7 /* App */ = {
			isa = PBXGroup;
			children = (
				751B0BE82B544A5300ACBEAE /* AppDelegate.swift */,
				751B0BEA2B544A5300ACBEAE /* SceneDelegate.swift */,
			);
			path = App;
			sourceTree = "<group>";
		};
		75479BC22B56EC6A00FD79F7 /* Support */ = {
			isa = PBXGroup;
			children = (
				751CBD892B716748000A7DA0 /* Animations */,
				7585CDB42B55C97E0087EC03 /* Fonts */,
				751CBD7A2B702E86000A7DA0 /* Localizable.strings */,
			);
			path = Support;
			sourceTree = "<group>";
		};
		75479BC32B56EC7B00FD79F7 /* Screens */ = {
			isa = PBXGroup;
			children = (
				753AA6CF2B5A811F006A599B /* Tab Bar */,
				75479BC42B56EC8700FD79F7 /* Authentication */,
				7599CD1F2B59961D00F4FD86 /* Home */,
				7510F7482B5B0032003C24BB /* BusStop */,
				753AA6D02B5A812E006A599B /* Live Map */,
				753AA6D12B5A8140006A599B /* Profile */,
			);
			path = Screens;
			sourceTree = "<group>";
		};
		75479BC42B56EC8700FD79F7 /* Authentication */ = {
			isa = PBXGroup;
			children = (
				7585CDB02B559D750087EC03 /* WelcomeScreen.swift */,
				75E217E22B57E5AA006B9655 /* AuthViewModel.swift */,
				75479BC62B56EC9100FD79F7 /* Log In */,
				75479BC52B56EC8C00FD79F7 /* Sign Up */,
			);
			path = Authentication;
			sourceTree = "<group>";
		};
		75479BC52B56EC8C00FD79F7 /* Sign Up */ = {
			isa = PBXGroup;
			children = (
				75479BBA2B56A1E900FD79F7 /* RegisterScreen.swift */,
				75E217DA2B57CE34006B9655 /* VerificationScreen.swift */,
				7599CD162B583CB400F4FD86 /* VerifiedScreen.swift */,
			);
			path = "Sign Up";
			sourceTree = "<group>";
		};
		75479BC62B56EC9100FD79F7 /* Log In */ = {
			isa = PBXGroup;
			children = (
				7599CD182B58437600F4FD86 /* LoginScreen.swift */,
			);
			path = "Log In";
			sourceTree = "<group>";
		};
		75479BC72B56ECA600FD79F7 /* Custom Views */ = {
			isa = PBXGroup;
			children = (
				758E2B782B728C9C00D19792 /* Views */,
				758E2B772B728C8900D19792 /* Text Fields */,
				758E2B762B728C6E00D19792 /* Buttons */,
			);
			path = "Custom Views";
			sourceTree = "<group>";
		};
		7567385E2B7381D500C4736E /* BusifyAppTests */ = {
			isa = PBXGroup;
			children = (
				756738662B73834200C4736E /* AuthenticationTests.swift */,
				750703372B73926700B16BAB /* FillBalanceTests.swift */,
				750703392B73A87B00B16BAB /* AddNewCardTests.swift */,
			);
			path = BusifyAppTests;
			sourceTree = "<group>";
		};
		758062852B6AA17400A0A157 /* BusStopDetailsCell */ = {
			isa = PBXGroup;
			children = (
				75A0BE272B5EC15D00B90EEA /* BusTimeCollectionViewCell.swift */,
				75D91B8B2B6009B30034F967 /* ReminderViewController.swift */,
			);
			path = BusStopDetailsCell;
			sourceTree = "<group>";
		};
		758062922B6C3E3100A0A157 /* Sheets */ = {
			isa = PBXGroup;
			children = (
				7580629F2B6D406400A0A157 /* Components */,
			);
			path = Sheets;
			sourceTree = "<group>";
		};
		7580629F2B6D406400A0A157 /* Components */ = {
			isa = PBXGroup;
			children = (
				758B9E682B6EA0B900F23236 /* Fill Balance */,
				758B9E672B6EA0AF00F23236 /* Add New Card */,
				758B9E622B6D797200F23236 /* Card Scanner */,
			);
			path = Components;
			sourceTree = "<group>";
		};
		758062A02B6D407700A0A157 /* Components */ = {
			isa = PBXGroup;
			children = (
				7580629B2B6CE2AC00A0A157 /* CardView.swift */,
				758B9E632B6E50F000F23236 /* QuickActionViewController.swift */,
				758B9E6F2B6EE49800F23236 /* CardCheckAnimation.swift */,
			);
			path = Components;
			sourceTree = "<group>";
		};
		7585CDB42B55C97E0087EC03 /* Fonts */ = {
			isa = PBXGroup;
			children = (
				751CBD862B703181000A7DA0 /* Poppins */,
				751CBD852B703175000A7DA0 /* GeorgianFont */,
			);
			path = Fonts;
			sourceTree = "<group>";
		};
		758B9E622B6D797200F23236 /* Card Scanner */ = {
			isa = PBXGroup;
			children = (
				758062A12B6D44BB00A0A157 /* CardScannerViewController.swift */,
				758B9E602B6D795D00F23236 /* CardScannerView.swift */,
			);
			path = "Card Scanner";
			sourceTree = "<group>";
		};
		758B9E672B6EA0AF00F23236 /* Add New Card */ = {
			isa = PBXGroup;
			children = (
				758062932B6C3E4600A0A157 /* AddNewCardViewModel.swift */,
				758062902B6BFEB100A0A157 /* AddNewCardView.swift */,
			);
			path = "Add New Card";
			sourceTree = "<group>";
		};
		758B9E682B6EA0B900F23236 /* Fill Balance */ = {
			isa = PBXGroup;
			children = (
				758B9E692B6EA0C700F23236 /* FillBalanceView.swift */,
				758B9E6B2B6EB10800F23236 /* FillBalanceViewModel.swift */,
			);
			path = "Fill Balance";
			sourceTree = "<group>";
		};
		758E2B762B728C6E00D19792 /* Buttons */ = {
			isa = PBXGroup;
			children = (
				75479BCA2B56F18300FD79F7 /* StyledButton.swift */,
				75479BBF2B56E37B00FD79F7 /* RadioButtonField.swift */,
				758E2B722B72580000D19792 /* RoundedIconButton.swift */,
				75A0BE002B5B1FB900B90EEA /* CustomStyleButton.swift */,
			);
			path = Buttons;
			sourceTree = "<group>";
		};
		758E2B772B728C8900D19792 /* Text Fields */ = {
			isa = PBXGroup;
			children = (
				75A0BE022B5B202600B90EEA /* CustomStyleTextField.swift */,
				75479BC82B56ED7500FD79F7 /* StyledTextField.swift */,
				75E217DC2B57D81B006B9655 /* OTPTextField.swift */,
			);
			path = "Text Fields";
			sourceTree = "<group>";
		};
		758E2B782B728C9C00D19792 /* Views */ = {
			isa = PBXGroup;
			children = (
				7580626B2B681DE700A0A157 /* StatisticCard.swift */,
				758062712B68D95900A0A157 /* TravelCard.swift */,
				7580626D2B684B9900A0A157 /* BusStopCard.swift */,
				7562A5052B64451300A2F50B /* IconLabelStackView.swift */,
			);
			path = Views;
			sourceTree = "<group>";
		};
		758E2B792B728CC000D19792 /* Http Body */ = {
			isa = PBXGroup;
			children = (
				7599CD142B5836E900F4FD86 /* EmailToken.swift */,
				75E217DF2B57E4FA006B9655 /* User.swift */,
				7599CD1D2B59907600F4FD86 /* LoginDetails.swift */,
				7580627D2B6A578600A0A157 /* RegistrationDetails.swift */,
				758062792B6A569000A0A157 /* LoginResponse.swift */,
				758062832B6A9D6500A0A157 /* BookmarkToggle.swift */,
			);
			path = "Http Body";
			sourceTree = "<group>";
		};
		758E2B7A2B728CEF00D19792 /* App */ = {
			isa = PBXGroup;
			children = (
				7507033B2B73BB5100B16BAB /* Bus Stop */,
				758062752B692E0600A0A157 /* Passengers.swift */,
				751CBD692B6F91EA000A7DA0 /* TransitCard.swift */,
				7507033D2B73BBCD00B16BAB /* BusRoute.swift */,
			);
			path = App;
			sourceTree = "<group>";
		};
		7599CD1A2B5942FF00F4FD86 /* Managers */ = {
			isa = PBXGroup;
			children = (
				7599CD1B2B59430F00F4FD86 /* NavigationManager.swift */,
				7562A4FF2B63F9CF00A2F50B /* NotificationManager.swift */,
				7580627F2B6A613B00A0A157 /* UserSessionManager.swift */,
				758062812B6A83F000A0A157 /* BusStopManager.swift */,
			);
			path = Managers;
			sourceTree = "<group>";
		};
		7599CD1F2B59961D00F4FD86 /* Home */ = {
			isa = PBXGroup;
			children = (
				758062692B68133500A0A157 /* HomeScreen.swift */,
				758062732B692D8400A0A157 /* HomeViewModel.swift */,
				751CBD712B7017F0000A7DA0 /* Ticket Animation */,
			);
			path = Home;
			sourceTree = "<group>";
		};
		75A0BE152B5D40BB00B90EEA /* Cell */ = {
			isa = PBXGroup;
			children = (
				75A0BE162B5D410200B90EEA /* BusStopSearchTableViewCell.swift */,
			);
			path = Cell;
			sourceTree = "<group>";
		};
		75A0BE212B5EC0C900B90EEA /* BusStop Details */ = {
			isa = PBXGroup;
			children = (
				75A0BE062B5C50C400B90EEA /* BusStopDetailsScreen.swift */,
				758062852B6AA17400A0A157 /* BusStopDetailsCell */,
			);
			path = "BusStop Details";
			sourceTree = "<group>";
		};
		75E217DE2B57E4EE006B9655 /* Model */ = {
			isa = PBXGroup;
			children = (
				751CBD6B2B700EB1000A7DA0 /* BaseURL.swift */,
				751CBD872B7032D6000A7DA0 /* App Language.swift */,
				758E2B7A2B728CEF00D19792 /* App */,
				758E2B792B728CC000D19792 /* Http Body */,
			);
			path = Model;
			sourceTree = "<group>";
		};
/* End PBXGroup section */

/* Begin PBXNativeTarget section */
		751B0BE42B544A5300ACBEAE /* iNet */ = {
			isa = PBXNativeTarget;
			buildConfigurationList = 751B0BF92B544A5400ACBEAE /* Build configuration list for PBXNativeTarget "iNet" */;
			buildPhases = (
				751B0BE12B544A5300ACBEAE /* Sources */,
				751B0BE22B544A5300ACBEAE /* Frameworks */,
				751B0BE32B544A5300ACBEAE /* Resources */,
			);
			buildRules = (
			);
			dependencies = (
			);
			name = iNet;
			packageProductDependencies = (
				7599CD122B57F35E00F4FD86 /* NetSwift */,
				75A0BDF82B5B14AE00B90EEA /* Lottie */,
				758B9E5D2B6D70B100F23236 /* CreditCardScanner */,
			);
			productName = iNet;
			productReference = 751B0BE52B544A5300ACBEAE /* iNet.app */;
			productType = "com.apple.product-type.application";
		};
		7567385C2B7381D500C4736E /* authenticationTests */ = {
			isa = PBXNativeTarget;
			buildConfigurationList = 756738652B7381D500C4736E /* Build configuration list for PBXNativeTarget "authenticationTests" */;
			buildPhases = (
				756738592B7381D500C4736E /* Sources */,
				7567385A2B7381D500C4736E /* Frameworks */,
				7567385B2B7381D500C4736E /* Resources */,
			);
			buildRules = (
			);
			dependencies = (
				756738622B7381D500C4736E /* PBXTargetDependency */,
			);
			name = authenticationTests;
			productName = authenticationTests;
			productReference = 7567385D2B7381D500C4736E /* authenticationTests.xctest */;
			productType = "com.apple.product-type.bundle.unit-test";
		};
/* End PBXNativeTarget section */

/* Begin PBXProject section */
		751B0BDD2B544A5300ACBEAE /* Project object */ = {
			isa = PBXProject;
			attributes = {
				BuildIndependentTargetsInParallel = 1;
				LastSwiftUpdateCheck = 1510;
				LastUpgradeCheck = 1510;
				TargetAttributes = {
					751B0BE42B544A5300ACBEAE = {
						CreatedOnToolsVersion = 15.1;
					};
					7567385C2B7381D500C4736E = {
						CreatedOnToolsVersion = 15.1;
						TestTargetID = 751B0BE42B544A5300ACBEAE;
					};
				};
			};
			buildConfigurationList = 751B0BE02B544A5300ACBEAE /* Build configuration list for PBXProject "iNet" */;
			compatibilityVersion = "Xcode 14.0";
			developmentRegion = en;
			hasScannedForEncodings = 0;
			knownRegions = (
				en,
				Base,
				ka,
			);
			mainGroup = 751B0BDC2B544A5300ACBEAE;
			packageReferences = (
				7599CD112B57F35E00F4FD86 /* XCRemoteSwiftPackageReference "SwiftNet" */,
				75A0BDF72B5B14AE00B90EEA /* XCRemoteSwiftPackageReference "lottie-spm" */,
				758B9E5C2B6D70B100F23236 /* XCRemoteSwiftPackageReference "credit-card-scanner" */,
			);
			productRefGroup = 751B0BE62B544A5300ACBEAE /* Products */;
			projectDirPath = "";
			projectRoot = "";
			targets = (
				751B0BE42B544A5300ACBEAE /* iNet */,
				7567385C2B7381D500C4736E /* authenticationTests */,
			);
		};
/* End PBXProject section */

/* Begin PBXResourcesBuildPhase section */
		751B0BE32B544A5300ACBEAE /* Resources */ = {
			isa = PBXResourcesBuildPhase;
			buildActionMask = 2147483647;
			files = (
				7585CDCB2B55C9B60087EC03 /* Poppins-ExtraLight.ttf in Resources */,
				7585CDD72B55C9B60087EC03 /* Poppins-Light.ttf in Resources */,
				75A0BE142B5D3C9C00B90EEA /* busAnimation.json in Resources */,
				751CBD782B702E86000A7DA0 /* Localizable.strings in Resources */,
				7585CDCA2B55C9B60087EC03 /* Poppins-ExtraBold.ttf in Resources */,
				758B9E6E2B6EE3C800F23236 /* cardScan.json in Resources */,
				7585CDD22B55C9B60087EC03 /* Poppins-Black.ttf in Resources */,
				751CBD6E2B701419000A7DA0 /* purchase.json in Resources */,
				7585CDD52B55C9B60087EC03 /* Poppins-Thin.ttf in Resources */,
				751B0BF22B544A5400ACBEAE /* Assets.xcassets in Resources */,
				7585CDD42B55C9B60087EC03 /* Poppins-Regular.ttf in Resources */,
				7585CDD12B55C9B60087EC03 /* Poppins-Bold.ttf in Resources */,
				7585CDDA2B55C9B60087EC03 /* Poppins-Medium.ttf in Resources */,
				7585CDCE2B55C9B60087EC03 /* Poppins-SemiBold.ttf in Resources */,
			);
			runOnlyForDeploymentPostprocessing = 0;
		};
		7567385B2B7381D500C4736E /* Resources */ = {
			isa = PBXResourcesBuildPhase;
			buildActionMask = 2147483647;
			files = (
			);
			runOnlyForDeploymentPostprocessing = 0;
		};
/* End PBXResourcesBuildPhase section */

/* Begin PBXSourcesBuildPhase section */
		751B0BE12B544A5300ACBEAE /* Sources */ = {
			isa = PBXSourcesBuildPhase;
			buildActionMask = 2147483647;
			files = (
				75479BC02B56E37B00FD79F7 /* RadioButtonField.swift in Sources */,
				75E217DB2B57CE34006B9655 /* VerificationScreen.swift in Sources */,
				758B9E6C2B6EB10800F23236 /* FillBalanceViewModel.swift in Sources */,
				7580627A2B6A569000A0A157 /* LoginResponse.swift in Sources */,
				753AA6D42B5A815F006A599B /* LiveMapScreen.swift in Sources */,
				758062872B6AA8EB00A0A157 /* Notification+Extensions.swift in Sources */,
				7599CD172B583CB400F4FD86 /* VerifiedScreen.swift in Sources */,
				7580627E2B6A578600A0A157 /* RegistrationDetails.swift in Sources */,
				7599CD192B58437700F4FD86 /* LoginScreen.swift in Sources */,
				75A0BE072B5C50C400B90EEA /* BusStopDetailsScreen.swift in Sources */,
				7580629C2B6CE2AC00A0A157 /* CardView.swift in Sources */,
				753AA6D62B5A8166006A599B /* ProfileScreen.swift in Sources */,
				758B9E6A2B6EA0C700F23236 /* FillBalanceView.swift in Sources */,
				7580628D2B6BFB6C00A0A157 /* ProfileViewModel.swift in Sources */,
				758B9E612B6D795D00F23236 /* CardScannerView.swift in Sources */,
				751B0BE92B544A5300ACBEAE /* AppDelegate.swift in Sources */,
				7599CD1E2B59907600F4FD86 /* LoginDetails.swift in Sources */,
				75D91B8C2B6009B30034F967 /* ReminderViewController.swift in Sources */,
				7507033E2B73BBCD00B16BAB /* BusRoute.swift in Sources */,
				75479BC92B56ED7500FD79F7 /* StyledTextField.swift in Sources */,
				75479BBB2B56A1E900FD79F7 /* RegisterScreen.swift in Sources */,
				75A0BE282B5EC15D00B90EEA /* BusTimeCollectionViewCell.swift in Sources */,
				751CBD732B701809000A7DA0 /* PurchaseAnimationOverlay.swift in Sources */,
				751CBD6C2B700EB1000A7DA0 /* BaseURL.swift in Sources */,
				758062A22B6D44BB00A0A157 /* CardScannerViewController.swift in Sources */,
				758062892B6BD70000A0A157 /* UIViewController+Exntesions.swift in Sources */,
				7580626A2B68133500A0A157 /* HomeScreen.swift in Sources */,
				7510F74A2B5B005D003C24BB /* BusStopSearchScreen.swift in Sources */,
				758062632B66922300A0A157 /* LiveMapViewModel.swift in Sources */,
				7562A5062B64451300A2F50B /* IconLabelStackView.swift in Sources */,
				7599CD232B5996AA00F4FD86 /* TabBarController.swift in Sources */,
				758E2B732B72580000D19792 /* RoundedIconButton.swift in Sources */,
				758062842B6A9D6500A0A157 /* BookmarkToggle.swift in Sources */,
				75217B2E2B62953000D9FC19 /* UIEdgeInsets+Extensions.swift in Sources */,
				75A0BE2A2B5EE2F000B90EEA /* ArrivalTimes.swift in Sources */,
				7562A5002B63F9CF00A2F50B /* NotificationManager.swift in Sources */,
				758062912B6BFEB100A0A157 /* AddNewCardView.swift in Sources */,
				751B0BEB2B544A5300ACBEAE /* SceneDelegate.swift in Sources */,
				758B9E702B6EE49800F23236 /* CardCheckAnimation.swift in Sources */,
				75479BCB2B56F18300FD79F7 /* StyledButton.swift in Sources */,
				7585CDB12B559D750087EC03 /* WelcomeScreen.swift in Sources */,
				751CBD6A2B6F91EA000A7DA0 /* TransitCard.swift in Sources */,
				7562A50A2B6582A500A2F50B /* Date+Extensions.swift in Sources */,
				758062742B692D8400A0A157 /* HomeViewModel.swift in Sources */,
				758062942B6C3E4600A0A157 /* AddNewCardViewModel.swift in Sources */,
				75E217DD2B57D81B006B9655 /* OTPTextField.swift in Sources */,
				7562A5082B65823500A2F50B /* String+Exntesions.swift in Sources */,
				75A0BE052B5C217300B90EEA /* BusStop.swift in Sources */,
				75A0BE032B5B202600B90EEA /* CustomStyleTextField.swift in Sources */,
				75D91B8A2B5FBE730034F967 /* BusStopSearchViewModel.swift in Sources */,
				751CBD702B701440000A7DA0 /* PurchaseView.swift in Sources */,
				758B9E642B6E50F000F23236 /* QuickActionViewController.swift in Sources */,
				758062962B6C414F00A0A157 /* Binding+Extensions.swift in Sources */,
				75E217E32B57E5AA006B9655 /* AuthViewModel.swift in Sources */,
				758062762B692E0600A0A157 /* Passengers.swift in Sources */,
				7562A4FE2B6377C300A2F50B /* ReminderModel.swift in Sources */,
				7599CD1C2B59430F00F4FD86 /* NavigationManager.swift in Sources */,
				7599CD152B5836E900F4FD86 /* EmailToken.swift in Sources */,
				7580626E2B684B9900A0A157 /* BusStopCard.swift in Sources */,
				758062802B6A613B00A0A157 /* UserSessionManager.swift in Sources */,
				758062782B69320A00A0A157 /* Int+Extensions.swift in Sources */,
				75E217E02B57E4FA006B9655 /* User.swift in Sources */,
				751CBD882B7032D6000A7DA0 /* App Language.swift in Sources */,
				758062822B6A83F000A0A157 /* BusStopManager.swift in Sources */,
				7580626C2B681DE700A0A157 /* StatisticCard.swift in Sources */,
				75A0BE012B5B1FB900B90EEA /* CustomStyleButton.swift in Sources */,
				75A0BE172B5D410200B90EEA /* BusStopSearchTableViewCell.swift in Sources */,
				758062722B68D95900A0A157 /* TravelCard.swift in Sources */,
			);
			runOnlyForDeploymentPostprocessing = 0;
		};
		756738592B7381D500C4736E /* Sources */ = {
			isa = PBXSourcesBuildPhase;
			buildActionMask = 2147483647;
			files = (
				7507033A2B73A87B00B16BAB /* AddNewCardTests.swift in Sources */,
				750703382B73926700B16BAB /* FillBalanceTests.swift in Sources */,
				756738672B73834200C4736E /* AuthenticationTests.swift in Sources */,
			);
			runOnlyForDeploymentPostprocessing = 0;
		};
/* End PBXSourcesBuildPhase section */

/* Begin PBXTargetDependency section */
		756738622B7381D500C4736E /* PBXTargetDependency */ = {
			isa = PBXTargetDependency;
			target = 751B0BE42B544A5300ACBEAE /* iNet */;
			targetProxy = 756738612B7381D500C4736E /* PBXContainerItemProxy */;
		};
/* End PBXTargetDependency section */

/* Begin PBXVariantGroup section */
		751CBD7A2B702E86000A7DA0 /* Localizable.strings */ = {
			isa = PBXVariantGroup;
			children = (
				751CBD792B702E86000A7DA0 /* en */,
				751CBD7B2B702EDD000A7DA0 /* ka */,
			);
			name = Localizable.strings;
			sourceTree = "<group>";
		};
/* End PBXVariantGroup section */

/* Begin XCBuildConfiguration section */
		751B0BF72B544A5400ACBEAE /* Debug */ = {
			isa = XCBuildConfiguration;
			buildSettings = {
				ALWAYS_SEARCH_USER_PATHS = NO;
				ASSETCATALOG_COMPILER_GENERATE_SWIFT_ASSET_SYMBOL_EXTENSIONS = YES;
				CLANG_ANALYZER_LOCALIZABILITY_NONLOCALIZED = YES;
				CLANG_ANALYZER_NONNULL = YES;
				CLANG_ANALYZER_NUMBER_OBJECT_CONVERSION = YES_AGGRESSIVE;
				CLANG_CXX_LANGUAGE_STANDARD = "gnu++20";
				CLANG_ENABLE_MODULES = YES;
				CLANG_ENABLE_OBJC_ARC = YES;
				CLANG_ENABLE_OBJC_WEAK = YES;
				CLANG_WARN_BLOCK_CAPTURE_AUTORELEASING = YES;
				CLANG_WARN_BOOL_CONVERSION = YES;
				CLANG_WARN_COMMA = YES;
				CLANG_WARN_CONSTANT_CONVERSION = YES;
				CLANG_WARN_DEPRECATED_OBJC_IMPLEMENTATIONS = YES;
				CLANG_WARN_DIRECT_OBJC_ISA_USAGE = YES_ERROR;
				CLANG_WARN_DOCUMENTATION_COMMENTS = YES;
				CLANG_WARN_EMPTY_BODY = YES;
				CLANG_WARN_ENUM_CONVERSION = YES;
				CLANG_WARN_INFINITE_RECURSION = YES;
				CLANG_WARN_INT_CONVERSION = YES;
				CLANG_WARN_NON_LITERAL_NULL_CONVERSION = YES;
				CLANG_WARN_OBJC_IMPLICIT_RETAIN_SELF = YES;
				CLANG_WARN_OBJC_LITERAL_CONVERSION = YES;
				CLANG_WARN_OBJC_ROOT_CLASS = YES_ERROR;
				CLANG_WARN_QUOTED_INCLUDE_IN_FRAMEWORK_HEADER = YES;
				CLANG_WARN_RANGE_LOOP_ANALYSIS = YES;
				CLANG_WARN_STRICT_PROTOTYPES = YES;
				CLANG_WARN_SUSPICIOUS_MOVE = YES;
				CLANG_WARN_UNGUARDED_AVAILABILITY = YES_AGGRESSIVE;
				CLANG_WARN_UNREACHABLE_CODE = YES;
				CLANG_WARN__DUPLICATE_METHOD_MATCH = YES;
				COPY_PHASE_STRIP = NO;
				DEBUG_INFORMATION_FORMAT = dwarf;
				ENABLE_STRICT_OBJC_MSGSEND = YES;
				ENABLE_TESTABILITY = YES;
				ENABLE_USER_SCRIPT_SANDBOXING = YES;
				GCC_C_LANGUAGE_STANDARD = gnu17;
				GCC_DYNAMIC_NO_PIC = NO;
				GCC_NO_COMMON_BLOCKS = YES;
				GCC_OPTIMIZATION_LEVEL = 0;
				GCC_PREPROCESSOR_DEFINITIONS = (
					"DEBUG=1",
					"$(inherited)",
				);
				GCC_WARN_64_TO_32_BIT_CONVERSION = YES;
				GCC_WARN_ABOUT_RETURN_TYPE = YES_ERROR;
				GCC_WARN_UNDECLARED_SELECTOR = YES;
				GCC_WARN_UNINITIALIZED_AUTOS = YES_AGGRESSIVE;
				GCC_WARN_UNUSED_FUNCTION = YES;
				GCC_WARN_UNUSED_VARIABLE = YES;
				IPHONEOS_DEPLOYMENT_TARGET = 17.0;
				LOCALIZATION_PREFERS_STRING_CATALOGS = YES;
				MTL_ENABLE_DEBUG_INFO = INCLUDE_SOURCE;
				MTL_FAST_MATH = YES;
				ONLY_ACTIVE_ARCH = YES;
				SDKROOT = iphoneos;
				SWIFT_ACTIVE_COMPILATION_CONDITIONS = "DEBUG $(inherited)";
				SWIFT_OPTIMIZATION_LEVEL = "-Onone";
			};
			name = Debug;
		};
		751B0BF82B544A5400ACBEAE /* Release */ = {
			isa = XCBuildConfiguration;
			buildSettings = {
				ALWAYS_SEARCH_USER_PATHS = NO;
				ASSETCATALOG_COMPILER_GENERATE_SWIFT_ASSET_SYMBOL_EXTENSIONS = YES;
				CLANG_ANALYZER_LOCALIZABILITY_NONLOCALIZED = YES;
				CLANG_ANALYZER_NONNULL = YES;
				CLANG_ANALYZER_NUMBER_OBJECT_CONVERSION = YES_AGGRESSIVE;
				CLANG_CXX_LANGUAGE_STANDARD = "gnu++20";
				CLANG_ENABLE_MODULES = YES;
				CLANG_ENABLE_OBJC_ARC = YES;
				CLANG_ENABLE_OBJC_WEAK = YES;
				CLANG_WARN_BLOCK_CAPTURE_AUTORELEASING = YES;
				CLANG_WARN_BOOL_CONVERSION = YES;
				CLANG_WARN_COMMA = YES;
				CLANG_WARN_CONSTANT_CONVERSION = YES;
				CLANG_WARN_DEPRECATED_OBJC_IMPLEMENTATIONS = YES;
				CLANG_WARN_DIRECT_OBJC_ISA_USAGE = YES_ERROR;
				CLANG_WARN_DOCUMENTATION_COMMENTS = YES;
				CLANG_WARN_EMPTY_BODY = YES;
				CLANG_WARN_ENUM_CONVERSION = YES;
				CLANG_WARN_INFINITE_RECURSION = YES;
				CLANG_WARN_INT_CONVERSION = YES;
				CLANG_WARN_NON_LITERAL_NULL_CONVERSION = YES;
				CLANG_WARN_OBJC_IMPLICIT_RETAIN_SELF = YES;
				CLANG_WARN_OBJC_LITERAL_CONVERSION = YES;
				CLANG_WARN_OBJC_ROOT_CLASS = YES_ERROR;
				CLANG_WARN_QUOTED_INCLUDE_IN_FRAMEWORK_HEADER = YES;
				CLANG_WARN_RANGE_LOOP_ANALYSIS = YES;
				CLANG_WARN_STRICT_PROTOTYPES = YES;
				CLANG_WARN_SUSPICIOUS_MOVE = YES;
				CLANG_WARN_UNGUARDED_AVAILABILITY = YES_AGGRESSIVE;
				CLANG_WARN_UNREACHABLE_CODE = YES;
				CLANG_WARN__DUPLICATE_METHOD_MATCH = YES;
				COPY_PHASE_STRIP = NO;
				DEBUG_INFORMATION_FORMAT = "dwarf-with-dsym";
				ENABLE_NS_ASSERTIONS = NO;
				ENABLE_STRICT_OBJC_MSGSEND = YES;
				ENABLE_USER_SCRIPT_SANDBOXING = YES;
				GCC_C_LANGUAGE_STANDARD = gnu17;
				GCC_NO_COMMON_BLOCKS = YES;
				GCC_WARN_64_TO_32_BIT_CONVERSION = YES;
				GCC_WARN_ABOUT_RETURN_TYPE = YES_ERROR;
				GCC_WARN_UNDECLARED_SELECTOR = YES;
				GCC_WARN_UNINITIALIZED_AUTOS = YES_AGGRESSIVE;
				GCC_WARN_UNUSED_FUNCTION = YES;
				GCC_WARN_UNUSED_VARIABLE = YES;
				IPHONEOS_DEPLOYMENT_TARGET = 17.0;
				LOCALIZATION_PREFERS_STRING_CATALOGS = YES;
				MTL_ENABLE_DEBUG_INFO = NO;
				MTL_FAST_MATH = YES;
				SDKROOT = iphoneos;
				SWIFT_COMPILATION_MODE = wholemodule;
				VALIDATE_PRODUCT = YES;
			};
			name = Release;
		};
		751B0BFA2B544A5400ACBEAE /* Debug */ = {
			isa = XCBuildConfiguration;
			buildSettings = {
				ASSETCATALOG_COMPILER_APPICON_NAME = AppIcon;
				ASSETCATALOG_COMPILER_GLOBAL_ACCENT_COLOR_NAME = AccentColor;
				CODE_SIGN_STYLE = Automatic;
				CURRENT_PROJECT_VERSION = 1;
				DEVELOPMENT_TEAM = 69GK54W8ZW;
				GENERATE_INFOPLIST_FILE = YES;
				INFOPLIST_FILE = iNet/Info.plist;
				INFOPLIST_KEY_NSCameraUsageDescription = "To scan your credit card for fast input, we need camera access. No data is stored or shared.";
				INFOPLIST_KEY_NSLocationAlwaysUsageDescription = "We use your location to keep providing real-time updates about bus stops, even when you're not actively using the app.";
				INFOPLIST_KEY_NSLocationWhenInUseUsageDescription = "We use your location to provide real-time information about bus stops near you.";
				INFOPLIST_KEY_UILaunchStoryboardName = LaunchScreen;
				INFOPLIST_KEY_UISupportedInterfaceOrientations_iPad = "UIInterfaceOrientationPortrait UIInterfaceOrientationPortraitUpsideDown UIInterfaceOrientationLandscapeLeft UIInterfaceOrientationLandscapeRight";
				INFOPLIST_KEY_UISupportedInterfaceOrientations_iPhone = UIInterfaceOrientationPortrait;
				IPHONEOS_DEPLOYMENT_TARGET = 17.0;
				LD_RUNPATH_SEARCH_PATHS = (
					"$(inherited)",
					"@executable_path/Frameworks",
				);
				MARKETING_VERSION = 1.0;
				PRODUCT_BUNDLE_IDENTIFIER = com.Void.iNet;
				PRODUCT_NAME = "$(TARGET_NAME)";
				SUPPORTED_PLATFORMS = "iphoneos iphonesimulator";
				SUPPORTS_MACCATALYST = NO;
				SUPPORTS_MAC_DESIGNED_FOR_IPHONE_IPAD = NO;
				SWIFT_EMIT_LOC_STRINGS = YES;
				SWIFT_VERSION = 5.0;
				TARGETED_DEVICE_FAMILY = "1,2";
			};
			name = Debug;
		};
		751B0BFB2B544A5400ACBEAE /* Release */ = {
			isa = XCBuildConfiguration;
			buildSettings = {
				ASSETCATALOG_COMPILER_APPICON_NAME = AppIcon;
				ASSETCATALOG_COMPILER_GLOBAL_ACCENT_COLOR_NAME = AccentColor;
				CODE_SIGN_STYLE = Automatic;
				CURRENT_PROJECT_VERSION = 1;
				DEVELOPMENT_TEAM = 69GK54W8ZW;
				GENERATE_INFOPLIST_FILE = YES;
				INFOPLIST_FILE = iNet/Info.plist;
				INFOPLIST_KEY_NSCameraUsageDescription = "To scan your credit card for fast input, we need camera access. No data is stored or shared.";
				INFOPLIST_KEY_NSLocationAlwaysUsageDescription = "We use your location to keep providing real-time updates about bus stops, even when you're not actively using the app.";
				INFOPLIST_KEY_NSLocationWhenInUseUsageDescription = "We use your location to provide real-time information about bus stops near you.";
				INFOPLIST_KEY_UILaunchStoryboardName = LaunchScreen;
				INFOPLIST_KEY_UISupportedInterfaceOrientations_iPad = "UIInterfaceOrientationPortrait UIInterfaceOrientationPortraitUpsideDown UIInterfaceOrientationLandscapeLeft UIInterfaceOrientationLandscapeRight";
				INFOPLIST_KEY_UISupportedInterfaceOrientations_iPhone = UIInterfaceOrientationPortrait;
				IPHONEOS_DEPLOYMENT_TARGET = 17.0;
				LD_RUNPATH_SEARCH_PATHS = (
					"$(inherited)",
					"@executable_path/Frameworks",
				);
				MARKETING_VERSION = 1.0;
				PRODUCT_BUNDLE_IDENTIFIER = com.Void.iNet;
				PRODUCT_NAME = "$(TARGET_NAME)";
				SUPPORTED_PLATFORMS = "iphoneos iphonesimulator";
				SUPPORTS_MACCATALYST = NO;
				SUPPORTS_MAC_DESIGNED_FOR_IPHONE_IPAD = NO;
				SWIFT_EMIT_LOC_STRINGS = YES;
				SWIFT_VERSION = 5.0;
				TARGETED_DEVICE_FAMILY = "1,2";
			};
			name = Release;
		};
		756738632B7381D500C4736E /* Debug */ = {
			isa = XCBuildConfiguration;
			buildSettings = {
				BUNDLE_LOADER = "$(TEST_HOST)";
				CODE_SIGN_STYLE = Automatic;
				CURRENT_PROJECT_VERSION = 1;
				DEVELOPMENT_TEAM = 69GK54W8ZW;
				GENERATE_INFOPLIST_FILE = YES;
				IPHONEOS_DEPLOYMENT_TARGET = 17.2;
				MARKETING_VERSION = 1.0;
				PRODUCT_BUNDLE_IDENTIFIER = com.Void.authenticationTests;
				PRODUCT_NAME = "$(TARGET_NAME)";
				SWIFT_EMIT_LOC_STRINGS = NO;
				SWIFT_VERSION = 5.0;
				TARGETED_DEVICE_FAMILY = "1,2";
				TEST_HOST = "$(BUILT_PRODUCTS_DIR)/iNet.app/$(BUNDLE_EXECUTABLE_FOLDER_PATH)/iNet";
			};
			name = Debug;
		};
		756738642B7381D500C4736E /* Release */ = {
			isa = XCBuildConfiguration;
			buildSettings = {
				BUNDLE_LOADER = "$(TEST_HOST)";
				CODE_SIGN_STYLE = Automatic;
				CURRENT_PROJECT_VERSION = 1;
				DEVELOPMENT_TEAM = 69GK54W8ZW;
				GENERATE_INFOPLIST_FILE = YES;
				IPHONEOS_DEPLOYMENT_TARGET = 17.2;
				MARKETING_VERSION = 1.0;
				PRODUCT_BUNDLE_IDENTIFIER = com.Void.authenticationTests;
				PRODUCT_NAME = "$(TARGET_NAME)";
				SWIFT_EMIT_LOC_STRINGS = NO;
				SWIFT_VERSION = 5.0;
				TARGETED_DEVICE_FAMILY = "1,2";
				TEST_HOST = "$(BUILT_PRODUCTS_DIR)/iNet.app/$(BUNDLE_EXECUTABLE_FOLDER_PATH)/iNet";
			};
			name = Release;
		};
/* End XCBuildConfiguration section */

/* Begin XCConfigurationList section */
		751B0BE02B544A5300ACBEAE /* Build configuration list for PBXProject "iNet" */ = {
			isa = XCConfigurationList;
			buildConfigurations = (
				751B0BF72B544A5400ACBEAE /* Debug */,
				751B0BF82B544A5400ACBEAE /* Release */,
			);
			defaultConfigurationIsVisible = 0;
			defaultConfigurationName = Release;
		};
		751B0BF92B544A5400ACBEAE /* Build configuration list for PBXNativeTarget "iNet" */ = {
			isa = XCConfigurationList;
			buildConfigurations = (
				751B0BFA2B544A5400ACBEAE /* Debug */,
				751B0BFB2B544A5400ACBEAE /* Release */,
			);
			defaultConfigurationIsVisible = 0;
			defaultConfigurationName = Release;
		};
		756738652B7381D500C4736E /* Build configuration list for PBXNativeTarget "authenticationTests" */ = {
			isa = XCConfigurationList;
			buildConfigurations = (
				756738632B7381D500C4736E /* Debug */,
				756738642B7381D500C4736E /* Release */,
			);
			defaultConfigurationIsVisible = 0;
			defaultConfigurationName = Release;
		};
/* End XCConfigurationList section */

/* Begin XCRemoteSwiftPackageReference section */
		758B9E5C2B6D70B100F23236 /* XCRemoteSwiftPackageReference "credit-card-scanner" */ = {
			isa = XCRemoteSwiftPackageReference;
			repositoryURL = "https://github.com/yhkaplan/credit-card-scanner.git";
			requirement = {
				kind = upToNextMajorVersion;
				minimumVersion = 0.1.5;
			};
		};
		7599CD112B57F35E00F4FD86 /* XCRemoteSwiftPackageReference "SwiftNet" */ = {
			isa = XCRemoteSwiftPackageReference;
			repositoryURL = "https://github.com/WhereIsPumpkin/SwiftNet";
			requirement = {
				branch = main;
				kind = branch;
			};
		};
		75A0BDF72B5B14AE00B90EEA /* XCRemoteSwiftPackageReference "lottie-spm" */ = {
			isa = XCRemoteSwiftPackageReference;
			repositoryURL = "https://github.com/airbnb/lottie-spm.git";
			requirement = {
				kind = upToNextMinorVersion;
				minimumVersion = 4.3.4;
			};
		};
/* End XCRemoteSwiftPackageReference section */

/* Begin XCSwiftPackageProductDependency section */
		758B9E5D2B6D70B100F23236 /* CreditCardScanner */ = {
			isa = XCSwiftPackageProductDependency;
			package = 758B9E5C2B6D70B100F23236 /* XCRemoteSwiftPackageReference "credit-card-scanner" */;
			productName = CreditCardScanner;
		};
		7599CD122B57F35E00F4FD86 /* NetSwift */ = {
			isa = XCSwiftPackageProductDependency;
			package = 7599CD112B57F35E00F4FD86 /* XCRemoteSwiftPackageReference "SwiftNet" */;
			productName = NetSwift;
		};
		75A0BDF82B5B14AE00B90EEA /* Lottie */ = {
			isa = XCSwiftPackageProductDependency;
			package = 75A0BDF72B5B14AE00B90EEA /* XCRemoteSwiftPackageReference "lottie-spm" */;
			productName = Lottie;
		};
/* End XCSwiftPackageProductDependency section */
	};
	rootObject = 751B0BDD2B544A5300ACBEAE /* Project object */;
}
