// !$*UTF8*$!
{
	archiveVersion = 1;
	classes = {
	};
	objectVersion = 56;
	objects = {

/* Begin PBXBuildFile section */
		7510F74A2B5B005D003C24BB /* BusStopSearchViewController.swift in Sources */ = {isa = PBXBuildFile; fileRef = 7510F7492B5B005D003C24BB /* BusStopSearchViewController.swift */; };
		7510F74C2B5B010D003C24BB /* ServiceType.swift in Sources */ = {isa = PBXBuildFile; fileRef = 7510F74B2B5B010D003C24BB /* ServiceType.swift */; };
		751B0BE92B544A5300ACBEAE /* AppDelegate.swift in Sources */ = {isa = PBXBuildFile; fileRef = 751B0BE82B544A5300ACBEAE /* AppDelegate.swift */; };
		751B0BEB2B544A5300ACBEAE /* SceneDelegate.swift in Sources */ = {isa = PBXBuildFile; fileRef = 751B0BEA2B544A5300ACBEAE /* SceneDelegate.swift */; };
		751B0BF22B544A5400ACBEAE /* Assets.xcassets in Resources */ = {isa = PBXBuildFile; fileRef = 751B0BF12B544A5400ACBEAE /* Assets.xcassets */; };
		75217B2E2B62953000D9FC19 /* UIEdgeInsets+Extensions.swift in Sources */ = {isa = PBXBuildFile; fileRef = 75217B2D2B62953000D9FC19 /* UIEdgeInsets+Extensions.swift */; };
		753AA6CE2B5A79CF006A599B /* HomeScreenViewController.swift in Sources */ = {isa = PBXBuildFile; fileRef = 753AA6CD2B5A79CF006A599B /* HomeScreenViewController.swift */; };
		753AA6D42B5A815F006A599B /* LiveMapViewController.swift in Sources */ = {isa = PBXBuildFile; fileRef = 753AA6D32B5A815F006A599B /* LiveMapViewController.swift */; };
		753AA6D62B5A8166006A599B /* ProfileViewController.swift in Sources */ = {isa = PBXBuildFile; fileRef = 753AA6D52B5A8166006A599B /* ProfileViewController.swift */; };
		75479BBB2B56A1E900FD79F7 /* RegisterView.swift in Sources */ = {isa = PBXBuildFile; fileRef = 75479BBA2B56A1E900FD79F7 /* RegisterView.swift */; };
		75479BBD2B56E03900FD79F7 /* RegistrationSecondStageView.swift in Sources */ = {isa = PBXBuildFile; fileRef = 75479BBC2B56E03900FD79F7 /* RegistrationSecondStageView.swift */; };
		75479BC02B56E37B00FD79F7 /* RadioButtonField.swift in Sources */ = {isa = PBXBuildFile; fileRef = 75479BBF2B56E37B00FD79F7 /* RadioButtonField.swift */; };
		75479BC92B56ED7500FD79F7 /* StyledTextField.swift in Sources */ = {isa = PBXBuildFile; fileRef = 75479BC82B56ED7500FD79F7 /* StyledTextField.swift */; };
		75479BCB2B56F18300FD79F7 /* StyledButton.swift in Sources */ = {isa = PBXBuildFile; fileRef = 75479BCA2B56F18300FD79F7 /* StyledButton.swift */; };
		7562A4FE2B6377C300A2F50B /* ReminderModel.swift in Sources */ = {isa = PBXBuildFile; fileRef = 7562A4FD2B6377C300A2F50B /* ReminderModel.swift */; };
		7562A5002B63F9CF00A2F50B /* NotificationManager.swift in Sources */ = {isa = PBXBuildFile; fileRef = 7562A4FF2B63F9CF00A2F50B /* NotificationManager.swift */; };
		7585CDB12B559D750087EC03 /* WelcomeView.swift in Sources */ = {isa = PBXBuildFile; fileRef = 7585CDB02B559D750087EC03 /* WelcomeView.swift */; };
		7585CDCA2B55C9B60087EC03 /* Poppins-ExtraBold.ttf in Resources */ = {isa = PBXBuildFile; fileRef = 7585CDB72B55C9B60087EC03 /* Poppins-ExtraBold.ttf */; };
		7585CDCB2B55C9B60087EC03 /* Poppins-ExtraLight.ttf in Resources */ = {isa = PBXBuildFile; fileRef = 7585CDB82B55C9B60087EC03 /* Poppins-ExtraLight.ttf */; };
		7585CDCE2B55C9B60087EC03 /* Poppins-SemiBold.ttf in Resources */ = {isa = PBXBuildFile; fileRef = 7585CDBB2B55C9B60087EC03 /* Poppins-SemiBold.ttf */; };
		7585CDD12B55C9B60087EC03 /* Poppins-Bold.ttf in Resources */ = {isa = PBXBuildFile; fileRef = 7585CDBE2B55C9B60087EC03 /* Poppins-Bold.ttf */; };
		7585CDD22B55C9B60087EC03 /* Poppins-Black.ttf in Resources */ = {isa = PBXBuildFile; fileRef = 7585CDBF2B55C9B60087EC03 /* Poppins-Black.ttf */; };
		7585CDD42B55C9B60087EC03 /* Poppins-Regular.ttf in Resources */ = {isa = PBXBuildFile; fileRef = 7585CDC12B55C9B60087EC03 /* Poppins-Regular.ttf */; };
		7585CDD52B55C9B60087EC03 /* Poppins-Thin.ttf in Resources */ = {isa = PBXBuildFile; fileRef = 7585CDC22B55C9B60087EC03 /* Poppins-Thin.ttf */; };
		7585CDD72B55C9B60087EC03 /* Poppins-Light.ttf in Resources */ = {isa = PBXBuildFile; fileRef = 7585CDC42B55C9B60087EC03 /* Poppins-Light.ttf */; };
		7585CDDA2B55C9B60087EC03 /* Poppins-Medium.ttf in Resources */ = {isa = PBXBuildFile; fileRef = 7585CDC72B55C9B60087EC03 /* Poppins-Medium.ttf */; };
		7599CD132B57F35E00F4FD86 /* NetSwift in Frameworks */ = {isa = PBXBuildFile; productRef = 7599CD122B57F35E00F4FD86 /* NetSwift */; };
		7599CD152B5836E900F4FD86 /* EmailToken.swift in Sources */ = {isa = PBXBuildFile; fileRef = 7599CD142B5836E900F4FD86 /* EmailToken.swift */; };
		7599CD172B583CB400F4FD86 /* VerifiedView.swift in Sources */ = {isa = PBXBuildFile; fileRef = 7599CD162B583CB400F4FD86 /* VerifiedView.swift */; };
		7599CD192B58437700F4FD86 /* LoginView.swift in Sources */ = {isa = PBXBuildFile; fileRef = 7599CD182B58437600F4FD86 /* LoginView.swift */; };
		7599CD1C2B59430F00F4FD86 /* NavigationManager.swift in Sources */ = {isa = PBXBuildFile; fileRef = 7599CD1B2B59430F00F4FD86 /* NavigationManager.swift */; };
		7599CD1E2B59907600F4FD86 /* LoginDetails.swift in Sources */ = {isa = PBXBuildFile; fileRef = 7599CD1D2B59907600F4FD86 /* LoginDetails.swift */; };
		7599CD232B5996AA00F4FD86 /* TabBarController.swift in Sources */ = {isa = PBXBuildFile; fileRef = 7599CD222B5996AA00F4FD86 /* TabBarController.swift */; };
		75A0BDF92B5B14AE00B90EEA /* Lottie in Frameworks */ = {isa = PBXBuildFile; productRef = 75A0BDF82B5B14AE00B90EEA /* Lottie */; };
		75A0BE012B5B1FB900B90EEA /* CustomStyleButton.swift in Sources */ = {isa = PBXBuildFile; fileRef = 75A0BE002B5B1FB900B90EEA /* CustomStyleButton.swift */; };
		75A0BE032B5B202600B90EEA /* CustomStyleTextField.swift in Sources */ = {isa = PBXBuildFile; fileRef = 75A0BE022B5B202600B90EEA /* CustomStyleTextField.swift */; };
		75A0BE052B5C217300B90EEA /* BusStop.swift in Sources */ = {isa = PBXBuildFile; fileRef = 75A0BE042B5C217300B90EEA /* BusStop.swift */; };
		75A0BE072B5C50C400B90EEA /* BusStopDetailsPage.swift in Sources */ = {isa = PBXBuildFile; fileRef = 75A0BE062B5C50C400B90EEA /* BusStopDetailsPage.swift */; };
		75A0BE142B5D3C9C00B90EEA /* busAnimation.json in Resources */ = {isa = PBXBuildFile; fileRef = 75A0BE132B5D3C9C00B90EEA /* busAnimation.json */; };
		75A0BE172B5D410200B90EEA /* BusStopSearchTableViewCell.swift in Sources */ = {isa = PBXBuildFile; fileRef = 75A0BE162B5D410200B90EEA /* BusStopSearchTableViewCell.swift */; };
		75A0BE1B2B5DEB5200B90EEA /* Message.swift in Sources */ = {isa = PBXBuildFile; fileRef = 75A0BE1A2B5DEB5200B90EEA /* Message.swift */; };
		75A0BE202B5DF8AE00B90EEA /* KeyboardResponsiveModifier.swift in Sources */ = {isa = PBXBuildFile; fileRef = 75A0BE1F2B5DF8AE00B90EEA /* KeyboardResponsiveModifier.swift */; };
		75A0BE282B5EC15D00B90EEA /* BusTimeCollectionViewCell.swift in Sources */ = {isa = PBXBuildFile; fileRef = 75A0BE272B5EC15D00B90EEA /* BusTimeCollectionViewCell.swift */; };
		75A0BE2A2B5EE2F000B90EEA /* ArrivalTimes.swift in Sources */ = {isa = PBXBuildFile; fileRef = 75A0BE292B5EE2F000B90EEA /* ArrivalTimes.swift */; };
		75D91B5F2B5F8D350034F967 /* GoogleMaps in Frameworks */ = {isa = PBXBuildFile; productRef = 75D91B5E2B5F8D350034F967 /* GoogleMaps */; };
		75D91B612B5F8D350034F967 /* GoogleMapsBase in Frameworks */ = {isa = PBXBuildFile; productRef = 75D91B602B5F8D350034F967 /* GoogleMapsBase */; };
		75D91B632B5F8D350034F967 /* GoogleMapsCore in Frameworks */ = {isa = PBXBuildFile; productRef = 75D91B622B5F8D350034F967 /* GoogleMapsCore */; };
		75D91B652B5F8D350034F967 /* GoogleMapsM4B in Frameworks */ = {isa = PBXBuildFile; productRef = 75D91B642B5F8D350034F967 /* GoogleMapsM4B */; };
		75D91B8A2B5FBE730034F967 /* BusStopSearchViewModel.swift in Sources */ = {isa = PBXBuildFile; fileRef = 75D91B892B5FBE730034F967 /* BusStopSearchViewModel.swift */; };
		75D91B8C2B6009B30034F967 /* ReminderViewController.swift in Sources */ = {isa = PBXBuildFile; fileRef = 75D91B8B2B6009B30034F967 /* ReminderViewController.swift */; };
		75D91B902B6041590034F967 /* TextToImage.swift in Sources */ = {isa = PBXBuildFile; fileRef = 75D91B8F2B6041590034F967 /* TextToImage.swift */; };
		75E217DB2B57CE34006B9655 /* VerificationView.swift in Sources */ = {isa = PBXBuildFile; fileRef = 75E217DA2B57CE34006B9655 /* VerificationView.swift */; };
		75E217DD2B57D81B006B9655 /* OTPTextField.swift in Sources */ = {isa = PBXBuildFile; fileRef = 75E217DC2B57D81B006B9655 /* OTPTextField.swift */; };
		75E217E02B57E4FA006B9655 /* User.swift in Sources */ = {isa = PBXBuildFile; fileRef = 75E217DF2B57E4FA006B9655 /* User.swift */; };
		75E217E32B57E5AA006B9655 /* AuthViewModel.swift in Sources */ = {isa = PBXBuildFile; fileRef = 75E217E22B57E5AA006B9655 /* AuthViewModel.swift */; };
/* End PBXBuildFile section */

/* Begin PBXFileReference section */
		7510F7492B5B005D003C24BB /* BusStopSearchViewController.swift */ = {isa = PBXFileReference; lastKnownFileType = sourcecode.swift; path = BusStopSearchViewController.swift; sourceTree = "<group>"; };
		7510F74B2B5B010D003C24BB /* ServiceType.swift */ = {isa = PBXFileReference; lastKnownFileType = sourcecode.swift; path = ServiceType.swift; sourceTree = "<group>"; };
		751B0BE52B544A5300ACBEAE /* iNet.app */ = {isa = PBXFileReference; explicitFileType = wrapper.application; includeInIndex = 0; path = iNet.app; sourceTree = BUILT_PRODUCTS_DIR; };
		751B0BE82B544A5300ACBEAE /* AppDelegate.swift */ = {isa = PBXFileReference; lastKnownFileType = sourcecode.swift; path = AppDelegate.swift; sourceTree = "<group>"; };
		751B0BEA2B544A5300ACBEAE /* SceneDelegate.swift */ = {isa = PBXFileReference; lastKnownFileType = sourcecode.swift; path = SceneDelegate.swift; sourceTree = "<group>"; };
		751B0BF12B544A5400ACBEAE /* Assets.xcassets */ = {isa = PBXFileReference; lastKnownFileType = folder.assetcatalog; path = Assets.xcassets; sourceTree = "<group>"; };
		751B0BF62B544A5400ACBEAE /* Info.plist */ = {isa = PBXFileReference; lastKnownFileType = text.plist.xml; path = Info.plist; sourceTree = "<group>"; };
		75217B2D2B62953000D9FC19 /* UIEdgeInsets+Extensions.swift */ = {isa = PBXFileReference; lastKnownFileType = sourcecode.swift; path = "UIEdgeInsets+Extensions.swift"; sourceTree = "<group>"; };
		753AA6CD2B5A79CF006A599B /* HomeScreenViewController.swift */ = {isa = PBXFileReference; lastKnownFileType = sourcecode.swift; path = HomeScreenViewController.swift; sourceTree = "<group>"; };
		753AA6D32B5A815F006A599B /* LiveMapViewController.swift */ = {isa = PBXFileReference; lastKnownFileType = sourcecode.swift; path = LiveMapViewController.swift; sourceTree = "<group>"; };
		753AA6D52B5A8166006A599B /* ProfileViewController.swift */ = {isa = PBXFileReference; lastKnownFileType = sourcecode.swift; path = ProfileViewController.swift; sourceTree = "<group>"; };
		75479BBA2B56A1E900FD79F7 /* RegisterView.swift */ = {isa = PBXFileReference; lastKnownFileType = sourcecode.swift; path = RegisterView.swift; sourceTree = "<group>"; };
		75479BBC2B56E03900FD79F7 /* RegistrationSecondStageView.swift */ = {isa = PBXFileReference; lastKnownFileType = sourcecode.swift; path = RegistrationSecondStageView.swift; sourceTree = "<group>"; };
		75479BBF2B56E37B00FD79F7 /* RadioButtonField.swift */ = {isa = PBXFileReference; lastKnownFileType = sourcecode.swift; path = RadioButtonField.swift; sourceTree = "<group>"; };
		75479BC82B56ED7500FD79F7 /* StyledTextField.swift */ = {isa = PBXFileReference; lastKnownFileType = sourcecode.swift; path = StyledTextField.swift; sourceTree = "<group>"; };
		75479BCA2B56F18300FD79F7 /* StyledButton.swift */ = {isa = PBXFileReference; lastKnownFileType = sourcecode.swift; path = StyledButton.swift; sourceTree = "<group>"; };
		7562A4FD2B6377C300A2F50B /* ReminderModel.swift */ = {isa = PBXFileReference; lastKnownFileType = sourcecode.swift; path = ReminderModel.swift; sourceTree = "<group>"; };
		7562A4FF2B63F9CF00A2F50B /* NotificationManager.swift */ = {isa = PBXFileReference; lastKnownFileType = sourcecode.swift; name = NotificationManager.swift; path = ../../../../../../Documents/NotificationManager.swift; sourceTree = "<group>"; };
		7585CDB02B559D750087EC03 /* WelcomeView.swift */ = {isa = PBXFileReference; lastKnownFileType = sourcecode.swift; path = WelcomeView.swift; sourceTree = "<group>"; };
		7585CDB72B55C9B60087EC03 /* Poppins-ExtraBold.ttf */ = {isa = PBXFileReference; lastKnownFileType = file; path = "Poppins-ExtraBold.ttf"; sourceTree = "<group>"; };
		7585CDB82B55C9B60087EC03 /* Poppins-ExtraLight.ttf */ = {isa = PBXFileReference; lastKnownFileType = file; path = "Poppins-ExtraLight.ttf"; sourceTree = "<group>"; };
		7585CDBB2B55C9B60087EC03 /* Poppins-SemiBold.ttf */ = {isa = PBXFileReference; lastKnownFileType = file; path = "Poppins-SemiBold.ttf"; sourceTree = "<group>"; };
		7585CDBE2B55C9B60087EC03 /* Poppins-Bold.ttf */ = {isa = PBXFileReference; lastKnownFileType = file; path = "Poppins-Bold.ttf"; sourceTree = "<group>"; };
		7585CDBF2B55C9B60087EC03 /* Poppins-Black.ttf */ = {isa = PBXFileReference; lastKnownFileType = file; path = "Poppins-Black.ttf"; sourceTree = "<group>"; };
		7585CDC12B55C9B60087EC03 /* Poppins-Regular.ttf */ = {isa = PBXFileReference; lastKnownFileType = file; path = "Poppins-Regular.ttf"; sourceTree = "<group>"; };
		7585CDC22B55C9B60087EC03 /* Poppins-Thin.ttf */ = {isa = PBXFileReference; lastKnownFileType = file; path = "Poppins-Thin.ttf"; sourceTree = "<group>"; };
		7585CDC42B55C9B60087EC03 /* Poppins-Light.ttf */ = {isa = PBXFileReference; lastKnownFileType = file; path = "Poppins-Light.ttf"; sourceTree = "<group>"; };
		7585CDC72B55C9B60087EC03 /* Poppins-Medium.ttf */ = {isa = PBXFileReference; lastKnownFileType = file; path = "Poppins-Medium.ttf"; sourceTree = "<group>"; };
		7599CD142B5836E900F4FD86 /* EmailToken.swift */ = {isa = PBXFileReference; lastKnownFileType = sourcecode.swift; path = EmailToken.swift; sourceTree = "<group>"; };
		7599CD162B583CB400F4FD86 /* VerifiedView.swift */ = {isa = PBXFileReference; lastKnownFileType = sourcecode.swift; path = VerifiedView.swift; sourceTree = "<group>"; };
		7599CD182B58437600F4FD86 /* LoginView.swift */ = {isa = PBXFileReference; lastKnownFileType = sourcecode.swift; path = LoginView.swift; sourceTree = "<group>"; };
		7599CD1B2B59430F00F4FD86 /* NavigationManager.swift */ = {isa = PBXFileReference; lastKnownFileType = sourcecode.swift; path = NavigationManager.swift; sourceTree = "<group>"; };
		7599CD1D2B59907600F4FD86 /* LoginDetails.swift */ = {isa = PBXFileReference; lastKnownFileType = sourcecode.swift; path = LoginDetails.swift; sourceTree = "<group>"; };
		7599CD222B5996AA00F4FD86 /* TabBarController.swift */ = {isa = PBXFileReference; lastKnownFileType = sourcecode.swift; path = TabBarController.swift; sourceTree = "<group>"; };
		75A0BE002B5B1FB900B90EEA /* CustomStyleButton.swift */ = {isa = PBXFileReference; lastKnownFileType = sourcecode.swift; path = CustomStyleButton.swift; sourceTree = "<group>"; };
		75A0BE022B5B202600B90EEA /* CustomStyleTextField.swift */ = {isa = PBXFileReference; lastKnownFileType = sourcecode.swift; path = CustomStyleTextField.swift; sourceTree = "<group>"; };
		75A0BE042B5C217300B90EEA /* BusStop.swift */ = {isa = PBXFileReference; lastKnownFileType = sourcecode.swift; path = BusStop.swift; sourceTree = "<group>"; };
		75A0BE062B5C50C400B90EEA /* BusStopDetailsPage.swift */ = {isa = PBXFileReference; lastKnownFileType = sourcecode.swift; path = BusStopDetailsPage.swift; sourceTree = "<group>"; };
		75A0BE132B5D3C9C00B90EEA /* busAnimation.json */ = {isa = PBXFileReference; fileEncoding = 4; lastKnownFileType = text.json; path = busAnimation.json; sourceTree = "<group>"; };
		75A0BE162B5D410200B90EEA /* BusStopSearchTableViewCell.swift */ = {isa = PBXFileReference; lastKnownFileType = sourcecode.swift; path = BusStopSearchTableViewCell.swift; sourceTree = "<group>"; };
		75A0BE1A2B5DEB5200B90EEA /* Message.swift */ = {isa = PBXFileReference; lastKnownFileType = sourcecode.swift; path = Message.swift; sourceTree = "<group>"; };
		75A0BE1F2B5DF8AE00B90EEA /* KeyboardResponsiveModifier.swift */ = {isa = PBXFileReference; lastKnownFileType = sourcecode.swift; path = KeyboardResponsiveModifier.swift; sourceTree = "<group>"; };
		75A0BE272B5EC15D00B90EEA /* BusTimeCollectionViewCell.swift */ = {isa = PBXFileReference; lastKnownFileType = sourcecode.swift; path = BusTimeCollectionViewCell.swift; sourceTree = "<group>"; };
		75A0BE292B5EE2F000B90EEA /* ArrivalTimes.swift */ = {isa = PBXFileReference; lastKnownFileType = sourcecode.swift; path = ArrivalTimes.swift; sourceTree = "<group>"; };
		75D91B892B5FBE730034F967 /* BusStopSearchViewModel.swift */ = {isa = PBXFileReference; lastKnownFileType = sourcecode.swift; path = BusStopSearchViewModel.swift; sourceTree = "<group>"; };
		75D91B8B2B6009B30034F967 /* ReminderViewController.swift */ = {isa = PBXFileReference; lastKnownFileType = sourcecode.swift; path = ReminderViewController.swift; sourceTree = "<group>"; };
		75D91B8F2B6041590034F967 /* TextToImage.swift */ = {isa = PBXFileReference; lastKnownFileType = sourcecode.swift; path = TextToImage.swift; sourceTree = "<group>"; };
		75E217DA2B57CE34006B9655 /* VerificationView.swift */ = {isa = PBXFileReference; lastKnownFileType = sourcecode.swift; path = VerificationView.swift; sourceTree = "<group>"; };
		75E217DC2B57D81B006B9655 /* OTPTextField.swift */ = {isa = PBXFileReference; lastKnownFileType = sourcecode.swift; path = OTPTextField.swift; sourceTree = "<group>"; };
		75E217DF2B57E4FA006B9655 /* User.swift */ = {isa = PBXFileReference; lastKnownFileType = sourcecode.swift; path = User.swift; sourceTree = "<group>"; };
		75E217E22B57E5AA006B9655 /* AuthViewModel.swift */ = {isa = PBXFileReference; lastKnownFileType = sourcecode.swift; path = AuthViewModel.swift; sourceTree = "<group>"; };
/* End PBXFileReference section */

/* Begin PBXFrameworksBuildPhase section */
		751B0BE22B544A5300ACBEAE /* Frameworks */ = {
			isa = PBXFrameworksBuildPhase;
			buildActionMask = 2147483647;
			files = (
				75D91B652B5F8D350034F967 /* GoogleMapsM4B in Frameworks */,
				75D91B632B5F8D350034F967 /* GoogleMapsCore in Frameworks */,
				7599CD132B57F35E00F4FD86 /* NetSwift in Frameworks */,
				75A0BDF92B5B14AE00B90EEA /* Lottie in Frameworks */,
				75D91B5F2B5F8D350034F967 /* GoogleMaps in Frameworks */,
				75D91B612B5F8D350034F967 /* GoogleMapsBase in Frameworks */,
			);
			runOnlyForDeploymentPostprocessing = 0;
		};
/* End PBXFrameworksBuildPhase section */

/* Begin PBXGroup section */
		7510F73C2B5A96BC003C24BB /* SwiftUI */ = {
			isa = PBXGroup;
			children = (
				75479BBF2B56E37B00FD79F7 /* RadioButtonField.swift */,
				75479BC82B56ED7500FD79F7 /* StyledTextField.swift */,
				75479BCA2B56F18300FD79F7 /* StyledButton.swift */,
				75E217DC2B57D81B006B9655 /* OTPTextField.swift */,
			);
			path = SwiftUI;
			sourceTree = "<group>";
		};
		7510F73D2B5A96D5003C24BB /* UIKit */ = {
			isa = PBXGroup;
			children = (
				75A0BE002B5B1FB900B90EEA /* CustomStyleButton.swift */,
				75A0BE022B5B202600B90EEA /* CustomStyleTextField.swift */,
			);
			path = UIKit;
			sourceTree = "<group>";
		};
		7510F7482B5B0032003C24BB /* Bus Stop */ = {
			isa = PBXGroup;
			children = (
				7510F7492B5B005D003C24BB /* BusStopSearchViewController.swift */,
				75D91B892B5FBE730034F967 /* BusStopSearchViewModel.swift */,
				75A0BE152B5D40BB00B90EEA /* Cell */,
				75A0BE212B5EC0C900B90EEA /* BusStop Details */,
			);
			path = "Bus Stop";
			sourceTree = "<group>";
		};
		751B0BDC2B544A5300ACBEAE = {
			isa = PBXGroup;
			children = (
				751B0BE72B544A5300ACBEAE /* iNet */,
				751B0BE62B544A5300ACBEAE /* Products */,
			);
			sourceTree = "<group>";
		};
		751B0BE62B544A5300ACBEAE /* Products */ = {
			isa = PBXGroup;
			children = (
				751B0BE52B544A5300ACBEAE /* iNet.app */,
			);
			name = Products;
			sourceTree = "<group>";
		};
		751B0BE72B544A5300ACBEAE /* iNet */ = {
			isa = PBXGroup;
			children = (
				75479BC12B56EC6300FD79F7 /* App */,
				75479BC32B56EC7B00FD79F7 /* Screens */,
				75479BC72B56ECA600FD79F7 /* Custom Views */,
				75E217DE2B57E4EE006B9655 /* Model */,
				75217B2C2B62951B00D9FC19 /* Extensions */,
				75A0BE1E2B5DF89800B90EEA /* Helpers */,
				7599CD1A2B5942FF00F4FD86 /* Managers */,
				75479BC22B56EC6A00FD79F7 /* Support */,
				751B0BF12B544A5400ACBEAE /* Assets.xcassets */,
				751B0BF62B544A5400ACBEAE /* Info.plist */,
			);
			path = iNet;
			sourceTree = "<group>";
		};
		75217B2C2B62951B00D9FC19 /* Extensions */ = {
			isa = PBXGroup;
			children = (
				75217B2D2B62953000D9FC19 /* UIEdgeInsets+Extensions.swift */,
			);
			path = Extensions;
			sourceTree = "<group>";
		};
		753AA6CF2B5A811F006A599B /* Tab Bar */ = {
			isa = PBXGroup;
			children = (
				7599CD222B5996AA00F4FD86 /* TabBarController.swift */,
			);
			path = "Tab Bar";
			sourceTree = "<group>";
		};
		753AA6D02B5A812E006A599B /* Wallet */ = {
			isa = PBXGroup;
			children = (
				753AA6D32B5A815F006A599B /* LiveMapViewController.swift */,
			);
			path = Wallet;
			sourceTree = "<group>";
		};
		753AA6D12B5A8140006A599B /* Profile */ = {
			isa = PBXGroup;
			children = (
				753AA6D52B5A8166006A599B /* ProfileViewController.swift */,
			);
			path = Profile;
			sourceTree = "<group>";
		};
		75479BC12B56EC6300FD79F7 /* App */ = {
			isa = PBXGroup;
			children = (
				751B0BE82B544A5300ACBEAE /* AppDelegate.swift */,
				751B0BEA2B544A5300ACBEAE /* SceneDelegate.swift */,
			);
			path = App;
			sourceTree = "<group>";
		};
		75479BC22B56EC6A00FD79F7 /* Support */ = {
			isa = PBXGroup;
			children = (
				75A0BE132B5D3C9C00B90EEA /* busAnimation.json */,
				7585CDB42B55C97E0087EC03 /* Fonts */,
			);
			path = Support;
			sourceTree = "<group>";
		};
		75479BC32B56EC7B00FD79F7 /* Screens */ = {
			isa = PBXGroup;
			children = (
				753AA6CF2B5A811F006A599B /* Tab Bar */,
				75479BC42B56EC8700FD79F7 /* Authentication */,
				7599CD1F2B59961D00F4FD86 /* Home */,
				7510F7482B5B0032003C24BB /* Bus Stop */,
				753AA6D02B5A812E006A599B /* Wallet */,
				753AA6D12B5A8140006A599B /* Profile */,
			);
			path = Screens;
			sourceTree = "<group>";
		};
		75479BC42B56EC8700FD79F7 /* Authentication */ = {
			isa = PBXGroup;
			children = (
				7585CDB02B559D750087EC03 /* WelcomeView.swift */,
				75E217E22B57E5AA006B9655 /* AuthViewModel.swift */,
				75479BC62B56EC9100FD79F7 /* Log In */,
				75479BC52B56EC8C00FD79F7 /* Sign Up */,
			);
			path = Authentication;
			sourceTree = "<group>";
		};
		75479BC52B56EC8C00FD79F7 /* Sign Up */ = {
			isa = PBXGroup;
			children = (
				75479BBA2B56A1E900FD79F7 /* RegisterView.swift */,
				75479BBC2B56E03900FD79F7 /* RegistrationSecondStageView.swift */,
				75E217DA2B57CE34006B9655 /* VerificationView.swift */,
				7599CD162B583CB400F4FD86 /* VerifiedView.swift */,
			);
			path = "Sign Up";
			sourceTree = "<group>";
		};
		75479BC62B56EC9100FD79F7 /* Log In */ = {
			isa = PBXGroup;
			children = (
				7599CD182B58437600F4FD86 /* LoginView.swift */,
			);
			path = "Log In";
			sourceTree = "<group>";
		};
		75479BC72B56ECA600FD79F7 /* Custom Views */ = {
			isa = PBXGroup;
			children = (
				7510F73C2B5A96BC003C24BB /* SwiftUI */,
				7510F73D2B5A96D5003C24BB /* UIKit */,
			);
			path = "Custom Views";
			sourceTree = "<group>";
		};
		7585CDB42B55C97E0087EC03 /* Fonts */ = {
			isa = PBXGroup;
			children = (
				7585CDBF2B55C9B60087EC03 /* Poppins-Black.ttf */,
				7585CDBE2B55C9B60087EC03 /* Poppins-Bold.ttf */,
				7585CDB72B55C9B60087EC03 /* Poppins-ExtraBold.ttf */,
				7585CDB82B55C9B60087EC03 /* Poppins-ExtraLight.ttf */,
				7585CDC42B55C9B60087EC03 /* Poppins-Light.ttf */,
				7585CDC72B55C9B60087EC03 /* Poppins-Medium.ttf */,
				7585CDC12B55C9B60087EC03 /* Poppins-Regular.ttf */,
				7585CDBB2B55C9B60087EC03 /* Poppins-SemiBold.ttf */,
				7585CDC22B55C9B60087EC03 /* Poppins-Thin.ttf */,
			);
			path = Fonts;
			sourceTree = "<group>";
		};
		7599CD1A2B5942FF00F4FD86 /* Managers */ = {
			isa = PBXGroup;
			children = (
				7599CD1B2B59430F00F4FD86 /* NavigationManager.swift */,
				7562A4FF2B63F9CF00A2F50B /* NotificationManager.swift */,
			);
			path = Managers;
			sourceTree = "<group>";
		};
		7599CD1F2B59961D00F4FD86 /* Home */ = {
			isa = PBXGroup;
			children = (
				753AA6CD2B5A79CF006A599B /* HomeScreenViewController.swift */,
			);
			path = Home;
			sourceTree = "<group>";
		};
		75A0BE152B5D40BB00B90EEA /* Cell */ = {
			isa = PBXGroup;
			children = (
				75A0BE162B5D410200B90EEA /* BusStopSearchTableViewCell.swift */,
			);
			path = Cell;
			sourceTree = "<group>";
		};
		75A0BE1E2B5DF89800B90EEA /* Helpers */ = {
			isa = PBXGroup;
			children = (
				75A0BE1F2B5DF8AE00B90EEA /* KeyboardResponsiveModifier.swift */,
				75D91B8F2B6041590034F967 /* TextToImage.swift */,
			);
			path = Helpers;
			sourceTree = "<group>";
		};
		75A0BE212B5EC0C900B90EEA /* BusStop Details */ = {
			isa = PBXGroup;
			children = (
				75A0BE062B5C50C400B90EEA /* BusStopDetailsPage.swift */,
				75A0BE272B5EC15D00B90EEA /* BusTimeCollectionViewCell.swift */,
				75D91B8B2B6009B30034F967 /* ReminderViewController.swift */,
			);
			path = "BusStop Details";
			sourceTree = "<group>";
		};
		75E217DE2B57E4EE006B9655 /* Model */ = {
			isa = PBXGroup;
			children = (
				75E217DF2B57E4FA006B9655 /* User.swift */,
				7599CD142B5836E900F4FD86 /* EmailToken.swift */,
				7599CD1D2B59907600F4FD86 /* LoginDetails.swift */,
				7510F74B2B5B010D003C24BB /* ServiceType.swift */,
				75A0BE042B5C217300B90EEA /* BusStop.swift */,
				75A0BE1A2B5DEB5200B90EEA /* Message.swift */,
				75A0BE292B5EE2F000B90EEA /* ArrivalTimes.swift */,
				7562A4FD2B6377C300A2F50B /* ReminderModel.swift */,
			);
			path = Model;
			sourceTree = "<group>";
		};
/* End PBXGroup section */

/* Begin PBXNativeTarget section */
		751B0BE42B544A5300ACBEAE /* iNet */ = {
			isa = PBXNativeTarget;
			buildConfigurationList = 751B0BF92B544A5400ACBEAE /* Build configuration list for PBXNativeTarget "iNet" */;
			buildPhases = (
				751B0BE12B544A5300ACBEAE /* Sources */,
				751B0BE22B544A5300ACBEAE /* Frameworks */,
				751B0BE32B544A5300ACBEAE /* Resources */,
			);
			buildRules = (
			);
			dependencies = (
			);
			name = iNet;
			packageProductDependencies = (
				7599CD122B57F35E00F4FD86 /* NetSwift */,
				75A0BDF82B5B14AE00B90EEA /* Lottie */,
				75D91B5E2B5F8D350034F967 /* GoogleMaps */,
				75D91B602B5F8D350034F967 /* GoogleMapsBase */,
				75D91B622B5F8D350034F967 /* GoogleMapsCore */,
				75D91B642B5F8D350034F967 /* GoogleMapsM4B */,
			);
			productName = iNet;
			productReference = 751B0BE52B544A5300ACBEAE /* iNet.app */;
			productType = "com.apple.product-type.application";
		};
/* End PBXNativeTarget section */

/* Begin PBXProject section */
		751B0BDD2B544A5300ACBEAE /* Project object */ = {
			isa = PBXProject;
			attributes = {
				BuildIndependentTargetsInParallel = 1;
				LastSwiftUpdateCheck = 1510;
				LastUpgradeCheck = 1510;
				TargetAttributes = {
					751B0BE42B544A5300ACBEAE = {
						CreatedOnToolsVersion = 15.1;
					};
				};
			};
			buildConfigurationList = 751B0BE02B544A5300ACBEAE /* Build configuration list for PBXProject "iNet" */;
			compatibilityVersion = "Xcode 14.0";
			developmentRegion = en;
			hasScannedForEncodings = 0;
			knownRegions = (
				en,
				Base,
			);
			mainGroup = 751B0BDC2B544A5300ACBEAE;
			packageReferences = (
				7599CD112B57F35E00F4FD86 /* XCRemoteSwiftPackageReference "SwiftNet" */,
				75A0BDF72B5B14AE00B90EEA /* XCRemoteSwiftPackageReference "lottie-spm" */,
				75D91B5D2B5F8D350034F967 /* XCRemoteSwiftPackageReference "ios-maps-sdk" */,
			);
			productRefGroup = 751B0BE62B544A5300ACBEAE /* Products */;
			projectDirPath = "";
			projectRoot = "";
			targets = (
				751B0BE42B544A5300ACBEAE /* iNet */,
			);
		};
/* End PBXProject section */

/* Begin PBXResourcesBuildPhase section */
		751B0BE32B544A5300ACBEAE /* Resources */ = {
			isa = PBXResourcesBuildPhase;
			buildActionMask = 2147483647;
			files = (
				7585CDCB2B55C9B60087EC03 /* Poppins-ExtraLight.ttf in Resources */,
				7585CDD72B55C9B60087EC03 /* Poppins-Light.ttf in Resources */,
				75A0BE142B5D3C9C00B90EEA /* busAnimation.json in Resources */,
				7585CDCA2B55C9B60087EC03 /* Poppins-ExtraBold.ttf in Resources */,
				7585CDD22B55C9B60087EC03 /* Poppins-Black.ttf in Resources */,
				7585CDD52B55C9B60087EC03 /* Poppins-Thin.ttf in Resources */,
				751B0BF22B544A5400ACBEAE /* Assets.xcassets in Resources */,
				7585CDD42B55C9B60087EC03 /* Poppins-Regular.ttf in Resources */,
				7585CDD12B55C9B60087EC03 /* Poppins-Bold.ttf in Resources */,
				7585CDDA2B55C9B60087EC03 /* Poppins-Medium.ttf in Resources */,
				7585CDCE2B55C9B60087EC03 /* Poppins-SemiBold.ttf in Resources */,
			);
			runOnlyForDeploymentPostprocessing = 0;
		};
/* End PBXResourcesBuildPhase section */

/* Begin PBXSourcesBuildPhase section */
		751B0BE12B544A5300ACBEAE /* Sources */ = {
			isa = PBXSourcesBuildPhase;
			buildActionMask = 2147483647;
			files = (
				75479BC02B56E37B00FD79F7 /* RadioButtonField.swift in Sources */,
				75E217DB2B57CE34006B9655 /* VerificationView.swift in Sources */,
				753AA6D42B5A815F006A599B /* LiveMapViewController.swift in Sources */,
				7599CD172B583CB400F4FD86 /* VerifiedView.swift in Sources */,
				7599CD192B58437700F4FD86 /* LoginView.swift in Sources */,
				75A0BE072B5C50C400B90EEA /* BusStopDetailsPage.swift in Sources */,
				753AA6D62B5A8166006A599B /* ProfileViewController.swift in Sources */,
				751B0BE92B544A5300ACBEAE /* AppDelegate.swift in Sources */,
				75479BBD2B56E03900FD79F7 /* RegistrationSecondStageView.swift in Sources */,
				7599CD1E2B59907600F4FD86 /* LoginDetails.swift in Sources */,
				75D91B8C2B6009B30034F967 /* ReminderViewController.swift in Sources */,
				75479BC92B56ED7500FD79F7 /* StyledTextField.swift in Sources */,
				753AA6CE2B5A79CF006A599B /* HomeScreenViewController.swift in Sources */,
				75479BBB2B56A1E900FD79F7 /* RegisterView.swift in Sources */,
				75D91B902B6041590034F967 /* TextToImage.swift in Sources */,
				75A0BE282B5EC15D00B90EEA /* BusTimeCollectionViewCell.swift in Sources */,
				7510F74A2B5B005D003C24BB /* BusStopSearchViewController.swift in Sources */,
				7599CD232B5996AA00F4FD86 /* TabBarController.swift in Sources */,
				75217B2E2B62953000D9FC19 /* UIEdgeInsets+Extensions.swift in Sources */,
				75A0BE2A2B5EE2F000B90EEA /* ArrivalTimes.swift in Sources */,
				7562A5002B63F9CF00A2F50B /* NotificationManager.swift in Sources */,
				751B0BEB2B544A5300ACBEAE /* SceneDelegate.swift in Sources */,
				75A0BE1B2B5DEB5200B90EEA /* Message.swift in Sources */,
				75479BCB2B56F18300FD79F7 /* StyledButton.swift in Sources */,
				75A0BE202B5DF8AE00B90EEA /* KeyboardResponsiveModifier.swift in Sources */,
				7585CDB12B559D750087EC03 /* WelcomeView.swift in Sources */,
				75E217DD2B57D81B006B9655 /* OTPTextField.swift in Sources */,
				75A0BE052B5C217300B90EEA /* BusStop.swift in Sources */,
				75A0BE032B5B202600B90EEA /* CustomStyleTextField.swift in Sources */,
				75D91B8A2B5FBE730034F967 /* BusStopSearchViewModel.swift in Sources */,
				75E217E32B57E5AA006B9655 /* AuthViewModel.swift in Sources */,
				7562A4FE2B6377C300A2F50B /* ReminderModel.swift in Sources */,
				7599CD1C2B59430F00F4FD86 /* NavigationManager.swift in Sources */,
				7599CD152B5836E900F4FD86 /* EmailToken.swift in Sources */,
				75E217E02B57E4FA006B9655 /* User.swift in Sources */,
				75A0BE012B5B1FB900B90EEA /* CustomStyleButton.swift in Sources */,
				7510F74C2B5B010D003C24BB /* ServiceType.swift in Sources */,
				75A0BE172B5D410200B90EEA /* BusStopSearchTableViewCell.swift in Sources */,
			);
			runOnlyForDeploymentPostprocessing = 0;
		};
/* End PBXSourcesBuildPhase section */

/* Begin XCBuildConfiguration section */
		751B0BF72B544A5400ACBEAE /* Debug */ = {
			isa = XCBuildConfiguration;
			buildSettings = {
				ALWAYS_SEARCH_USER_PATHS = NO;
				ASSETCATALOG_COMPILER_GENERATE_SWIFT_ASSET_SYMBOL_EXTENSIONS = YES;
				CLANG_ANALYZER_NONNULL = YES;
				CLANG_ANALYZER_NUMBER_OBJECT_CONVERSION = YES_AGGRESSIVE;
				CLANG_CXX_LANGUAGE_STANDARD = "gnu++20";
				CLANG_ENABLE_MODULES = YES;
				CLANG_ENABLE_OBJC_ARC = YES;
				CLANG_ENABLE_OBJC_WEAK = YES;
				CLANG_WARN_BLOCK_CAPTURE_AUTORELEASING = YES;
				CLANG_WARN_BOOL_CONVERSION = YES;
				CLANG_WARN_COMMA = YES;
				CLANG_WARN_CONSTANT_CONVERSION = YES;
				CLANG_WARN_DEPRECATED_OBJC_IMPLEMENTATIONS = YES;
				CLANG_WARN_DIRECT_OBJC_ISA_USAGE = YES_ERROR;
				CLANG_WARN_DOCUMENTATION_COMMENTS = YES;
				CLANG_WARN_EMPTY_BODY = YES;
				CLANG_WARN_ENUM_CONVERSION = YES;
				CLANG_WARN_INFINITE_RECURSION = YES;
				CLANG_WARN_INT_CONVERSION = YES;
				CLANG_WARN_NON_LITERAL_NULL_CONVERSION = YES;
				CLANG_WARN_OBJC_IMPLICIT_RETAIN_SELF = YES;
				CLANG_WARN_OBJC_LITERAL_CONVERSION = YES;
				CLANG_WARN_OBJC_ROOT_CLASS = YES_ERROR;
				CLANG_WARN_QUOTED_INCLUDE_IN_FRAMEWORK_HEADER = YES;
				CLANG_WARN_RANGE_LOOP_ANALYSIS = YES;
				CLANG_WARN_STRICT_PROTOTYPES = YES;
				CLANG_WARN_SUSPICIOUS_MOVE = YES;
				CLANG_WARN_UNGUARDED_AVAILABILITY = YES_AGGRESSIVE;
				CLANG_WARN_UNREACHABLE_CODE = YES;
				CLANG_WARN__DUPLICATE_METHOD_MATCH = YES;
				COPY_PHASE_STRIP = NO;
				DEBUG_INFORMATION_FORMAT = dwarf;
				ENABLE_STRICT_OBJC_MSGSEND = YES;
				ENABLE_TESTABILITY = YES;
				ENABLE_USER_SCRIPT_SANDBOXING = YES;
				GCC_C_LANGUAGE_STANDARD = gnu17;
				GCC_DYNAMIC_NO_PIC = NO;
				GCC_NO_COMMON_BLOCKS = YES;
				GCC_OPTIMIZATION_LEVEL = 0;
				GCC_PREPROCESSOR_DEFINITIONS = (
					"DEBUG=1",
					"$(inherited)",
				);
				GCC_WARN_64_TO_32_BIT_CONVERSION = YES;
				GCC_WARN_ABOUT_RETURN_TYPE = YES_ERROR;
				GCC_WARN_UNDECLARED_SELECTOR = YES;
				GCC_WARN_UNINITIALIZED_AUTOS = YES_AGGRESSIVE;
				GCC_WARN_UNUSED_FUNCTION = YES;
				GCC_WARN_UNUSED_VARIABLE = YES;
				IPHONEOS_DEPLOYMENT_TARGET = 17.0;
				LOCALIZATION_PREFERS_STRING_CATALOGS = YES;
				MTL_ENABLE_DEBUG_INFO = INCLUDE_SOURCE;
				MTL_FAST_MATH = YES;
				ONLY_ACTIVE_ARCH = YES;
				SDKROOT = iphoneos;
				SWIFT_ACTIVE_COMPILATION_CONDITIONS = "DEBUG $(inherited)";
				SWIFT_OPTIMIZATION_LEVEL = "-Onone";
			};
			name = Debug;
		};
		751B0BF82B544A5400ACBEAE /* Release */ = {
			isa = XCBuildConfiguration;
			buildSettings = {
				ALWAYS_SEARCH_USER_PATHS = NO;
				ASSETCATALOG_COMPILER_GENERATE_SWIFT_ASSET_SYMBOL_EXTENSIONS = YES;
				CLANG_ANALYZER_NONNULL = YES;
				CLANG_ANALYZER_NUMBER_OBJECT_CONVERSION = YES_AGGRESSIVE;
				CLANG_CXX_LANGUAGE_STANDARD = "gnu++20";
				CLANG_ENABLE_MODULES = YES;
				CLANG_ENABLE_OBJC_ARC = YES;
				CLANG_ENABLE_OBJC_WEAK = YES;
				CLANG_WARN_BLOCK_CAPTURE_AUTORELEASING = YES;
				CLANG_WARN_BOOL_CONVERSION = YES;
				CLANG_WARN_COMMA = YES;
				CLANG_WARN_CONSTANT_CONVERSION = YES;
				CLANG_WARN_DEPRECATED_OBJC_IMPLEMENTATIONS = YES;
				CLANG_WARN_DIRECT_OBJC_ISA_USAGE = YES_ERROR;
				CLANG_WARN_DOCUMENTATION_COMMENTS = YES;
				CLANG_WARN_EMPTY_BODY = YES;
				CLANG_WARN_ENUM_CONVERSION = YES;
				CLANG_WARN_INFINITE_RECURSION = YES;
				CLANG_WARN_INT_CONVERSION = YES;
				CLANG_WARN_NON_LITERAL_NULL_CONVERSION = YES;
				CLANG_WARN_OBJC_IMPLICIT_RETAIN_SELF = YES;
				CLANG_WARN_OBJC_LITERAL_CONVERSION = YES;
				CLANG_WARN_OBJC_ROOT_CLASS = YES_ERROR;
				CLANG_WARN_QUOTED_INCLUDE_IN_FRAMEWORK_HEADER = YES;
				CLANG_WARN_RANGE_LOOP_ANALYSIS = YES;
				CLANG_WARN_STRICT_PROTOTYPES = YES;
				CLANG_WARN_SUSPICIOUS_MOVE = YES;
				CLANG_WARN_UNGUARDED_AVAILABILITY = YES_AGGRESSIVE;
				CLANG_WARN_UNREACHABLE_CODE = YES;
				CLANG_WARN__DUPLICATE_METHOD_MATCH = YES;
				COPY_PHASE_STRIP = NO;
				DEBUG_INFORMATION_FORMAT = "dwarf-with-dsym";
				ENABLE_NS_ASSERTIONS = NO;
				ENABLE_STRICT_OBJC_MSGSEND = YES;
				ENABLE_USER_SCRIPT_SANDBOXING = YES;
				GCC_C_LANGUAGE_STANDARD = gnu17;
				GCC_NO_COMMON_BLOCKS = YES;
				GCC_WARN_64_TO_32_BIT_CONVERSION = YES;
				GCC_WARN_ABOUT_RETURN_TYPE = YES_ERROR;
				GCC_WARN_UNDECLARED_SELECTOR = YES;
				GCC_WARN_UNINITIALIZED_AUTOS = YES_AGGRESSIVE;
				GCC_WARN_UNUSED_FUNCTION = YES;
				GCC_WARN_UNUSED_VARIABLE = YES;
				IPHONEOS_DEPLOYMENT_TARGET = 17.0;
				LOCALIZATION_PREFERS_STRING_CATALOGS = YES;
				MTL_ENABLE_DEBUG_INFO = NO;
				MTL_FAST_MATH = YES;
				SDKROOT = iphoneos;
				SWIFT_COMPILATION_MODE = wholemodule;
				VALIDATE_PRODUCT = YES;
			};
			name = Release;
		};
		751B0BFA2B544A5400ACBEAE /* Debug */ = {
			isa = XCBuildConfiguration;
			buildSettings = {
				ASSETCATALOG_COMPILER_APPICON_NAME = AppIcon;
				ASSETCATALOG_COMPILER_GLOBAL_ACCENT_COLOR_NAME = AccentColor;
				CODE_SIGN_STYLE = Automatic;
				CURRENT_PROJECT_VERSION = 1;
				DEVELOPMENT_TEAM = 69GK54W8ZW;
				GENERATE_INFOPLIST_FILE = YES;
				INFOPLIST_FILE = iNet/Info.plist;
				INFOPLIST_KEY_UILaunchStoryboardName = LaunchScreen;
				INFOPLIST_KEY_UISupportedInterfaceOrientations_iPad = "UIInterfaceOrientationPortrait UIInterfaceOrientationPortraitUpsideDown UIInterfaceOrientationLandscapeLeft UIInterfaceOrientationLandscapeRight";
				INFOPLIST_KEY_UISupportedInterfaceOrientations_iPhone = "UIInterfaceOrientationPortrait UIInterfaceOrientationLandscapeLeft UIInterfaceOrientationLandscapeRight";
				IPHONEOS_DEPLOYMENT_TARGET = 16.0;
				LD_RUNPATH_SEARCH_PATHS = (
					"$(inherited)",
					"@executable_path/Frameworks",
				);
				MARKETING_VERSION = 1.0;
				PRODUCT_BUNDLE_IDENTIFIER = com.Void.iNet;
				PRODUCT_NAME = "$(TARGET_NAME)";
				SUPPORTED_PLATFORMS = "iphoneos iphonesimulator";
				SUPPORTS_MACCATALYST = NO;
				SUPPORTS_MAC_DESIGNED_FOR_IPHONE_IPAD = NO;
				SWIFT_EMIT_LOC_STRINGS = YES;
				SWIFT_VERSION = 5.0;
				TARGETED_DEVICE_FAMILY = "1,2";
			};
			name = Debug;
		};
		751B0BFB2B544A5400ACBEAE /* Release */ = {
			isa = XCBuildConfiguration;
			buildSettings = {
				ASSETCATALOG_COMPILER_APPICON_NAME = AppIcon;
				ASSETCATALOG_COMPILER_GLOBAL_ACCENT_COLOR_NAME = AccentColor;
				CODE_SIGN_STYLE = Automatic;
				CURRENT_PROJECT_VERSION = 1;
				DEVELOPMENT_TEAM = 69GK54W8ZW;
				GENERATE_INFOPLIST_FILE = YES;
				INFOPLIST_FILE = iNet/Info.plist;
				INFOPLIST_KEY_UILaunchStoryboardName = LaunchScreen;
				INFOPLIST_KEY_UISupportedInterfaceOrientations_iPad = "UIInterfaceOrientationPortrait UIInterfaceOrientationPortraitUpsideDown UIInterfaceOrientationLandscapeLeft UIInterfaceOrientationLandscapeRight";
				INFOPLIST_KEY_UISupportedInterfaceOrientations_iPhone = "UIInterfaceOrientationPortrait UIInterfaceOrientationLandscapeLeft UIInterfaceOrientationLandscapeRight";
				IPHONEOS_DEPLOYMENT_TARGET = 16.0;
				LD_RUNPATH_SEARCH_PATHS = (
					"$(inherited)",
					"@executable_path/Frameworks",
				);
				MARKETING_VERSION = 1.0;
				PRODUCT_BUNDLE_IDENTIFIER = com.Void.iNet;
				PRODUCT_NAME = "$(TARGET_NAME)";
				SUPPORTED_PLATFORMS = "iphoneos iphonesimulator";
				SUPPORTS_MACCATALYST = NO;
				SUPPORTS_MAC_DESIGNED_FOR_IPHONE_IPAD = NO;
				SWIFT_EMIT_LOC_STRINGS = YES;
				SWIFT_VERSION = 5.0;
				TARGETED_DEVICE_FAMILY = "1,2";
			};
			name = Release;
		};
/* End XCBuildConfiguration section */

/* Begin XCConfigurationList section */
		751B0BE02B544A5300ACBEAE /* Build configuration list for PBXProject "iNet" */ = {
			isa = XCConfigurationList;
			buildConfigurations = (
				751B0BF72B544A5400ACBEAE /* Debug */,
				751B0BF82B544A5400ACBEAE /* Release */,
			);
			defaultConfigurationIsVisible = 0;
			defaultConfigurationName = Release;
		};
		751B0BF92B544A5400ACBEAE /* Build configuration list for PBXNativeTarget "iNet" */ = {
			isa = XCConfigurationList;
			buildConfigurations = (
				751B0BFA2B544A5400ACBEAE /* Debug */,
				751B0BFB2B544A5400ACBEAE /* Release */,
			);
			defaultConfigurationIsVisible = 0;
			defaultConfigurationName = Release;
		};
/* End XCConfigurationList section */

/* Begin XCRemoteSwiftPackageReference section */
		7599CD112B57F35E00F4FD86 /* XCRemoteSwiftPackageReference "SwiftNet" */ = {
			isa = XCRemoteSwiftPackageReference;
			repositoryURL = "https://github.com/WhereIsPumpkin/SwiftNet";
			requirement = {
				branch = main;
				kind = branch;
			};
		};
		75A0BDF72B5B14AE00B90EEA /* XCRemoteSwiftPackageReference "lottie-spm" */ = {
			isa = XCRemoteSwiftPackageReference;
			repositoryURL = "https://github.com/airbnb/lottie-spm.git";
			requirement = {
				kind = upToNextMinorVersion;
				minimumVersion = 4.3.4;
			};
		};
		75D91B5D2B5F8D350034F967 /* XCRemoteSwiftPackageReference "ios-maps-sdk" */ = {
			isa = XCRemoteSwiftPackageReference;
			repositoryURL = "https://github.com/googlemaps/ios-maps-sdk";
			requirement = {
				kind = upToNextMajorVersion;
				minimumVersion = 8.3.1;
			};
		};
/* End XCRemoteSwiftPackageReference section */

/* Begin XCSwiftPackageProductDependency section */
		7599CD122B57F35E00F4FD86 /* NetSwift */ = {
			isa = XCSwiftPackageProductDependency;
			package = 7599CD112B57F35E00F4FD86 /* XCRemoteSwiftPackageReference "SwiftNet" */;
			productName = NetSwift;
		};
		75A0BDF82B5B14AE00B90EEA /* Lottie */ = {
			isa = XCSwiftPackageProductDependency;
			package = 75A0BDF72B5B14AE00B90EEA /* XCRemoteSwiftPackageReference "lottie-spm" */;
			productName = Lottie;
		};
		75D91B5E2B5F8D350034F967 /* GoogleMaps */ = {
			isa = XCSwiftPackageProductDependency;
			package = 75D91B5D2B5F8D350034F967 /* XCRemoteSwiftPackageReference "ios-maps-sdk" */;
			productName = GoogleMaps;
		};
		75D91B602B5F8D350034F967 /* GoogleMapsBase */ = {
			isa = XCSwiftPackageProductDependency;
			package = 75D91B5D2B5F8D350034F967 /* XCRemoteSwiftPackageReference "ios-maps-sdk" */;
			productName = GoogleMapsBase;
		};
		75D91B622B5F8D350034F967 /* GoogleMapsCore */ = {
			isa = XCSwiftPackageProductDependency;
			package = 75D91B5D2B5F8D350034F967 /* XCRemoteSwiftPackageReference "ios-maps-sdk" */;
			productName = GoogleMapsCore;
		};
		75D91B642B5F8D350034F967 /* GoogleMapsM4B */ = {
			isa = XCSwiftPackageProductDependency;
			package = 75D91B5D2B5F8D350034F967 /* XCRemoteSwiftPackageReference "ios-maps-sdk" */;
			productName = GoogleMapsM4B;
		};
/* End XCSwiftPackageProductDependency section */
	};
	rootObject = 751B0BDD2B544A5300ACBEAE /* Project object */;
}
